// !$*UTF8*$!
{
	archiveVersion = 1;
	classes = {
	};
	objectVersion = 51;
	objects = {

/* Begin PBXBuildFile section */
		CB5E33C1BFF684794F234201 /* Pods_Pass.framework in Frameworks */ = {isa = PBXBuildFile; fileRef = 7128CBC35D2FE2C9F379A5FB /* Pods_Pass.framework */; };
		F2059A9226198A690016AE87 /* R.generated.swift in Sources */ = {isa = PBXBuildFile; fileRef = F2059A9126198A690016AE87 /* R.generated.swift */; };
		F22B238925FF2F3B003AAD9D /* AppDelegate.swift in Sources */ = {isa = PBXBuildFile; fileRef = F22B238825FF2F3B003AAD9D /* AppDelegate.swift */; };
		F22B239225FF2F3D003AAD9D /* Assets.xcassets in Resources */ = {isa = PBXBuildFile; fileRef = F22B239125FF2F3D003AAD9D /* Assets.xcassets */; };
		F22B239525FF2F3D003AAD9D /* LaunchScreen.storyboard in Resources */ = {isa = PBXBuildFile; fileRef = F22B239325FF2F3D003AAD9D /* LaunchScreen.storyboard */; };
		F22B23B426021F33003AAD9D /* PassTests.swift in Sources */ = {isa = PBXBuildFile; fileRef = F22B23B326021F33003AAD9D /* PassTests.swift */; };
		F22B23C426021F4C003AAD9D /* PassUITests.swift in Sources */ = {isa = PBXBuildFile; fileRef = F22B23C326021F4C003AAD9D /* PassUITests.swift */; };
		F2350AA026368AAB000C523B /* .swiftlint.yml in Resources */ = {isa = PBXBuildFile; fileRef = F2350A9F26368AAB000C523B /* .swiftlint.yml */; };
		F2350AAC26368BEC000C523B /* BaseAPI.swift in Sources */ = {isa = PBXBuildFile; fileRef = F2350AAB26368BEC000C523B /* BaseAPI.swift */; };
		F2350AB426368BF8000C523B /* AuthAPI.swift in Sources */ = {isa = PBXBuildFile; fileRef = F2350AB326368BF8000C523B /* AuthAPI.swift */; };
		F2350ABC26368C21000C523B /* AuthPlugin.swift in Sources */ = {isa = PBXBuildFile; fileRef = F2350ABB26368C21000C523B /* AuthPlugin.swift */; };
		F2350B132636D259000C523B /* SettingsViewReactor.swift in Sources */ = {isa = PBXBuildFile; fileRef = F2350B112636D259000C523B /* SettingsViewReactor.swift */; };
		F2350B142636D259000C523B /* SettingsViewController.swift in Sources */ = {isa = PBXBuildFile; fileRef = F2350B122636D259000C523B /* SettingsViewController.swift */; };
		F2350B1A2636D263000C523B /* MyConsumeViewReactor.swift in Sources */ = {isa = PBXBuildFile; fileRef = F2350B182636D263000C523B /* MyConsumeViewReactor.swift */; };
		F2350B1B2636D263000C523B /* MyConsumeViewController.swift in Sources */ = {isa = PBXBuildFile; fileRef = F2350B192636D263000C523B /* MyConsumeViewController.swift */; };
		F2350B302636D4DA000C523B /* RegisterViewReactor.swift in Sources */ = {isa = PBXBuildFile; fileRef = F2350B2E2636D4DA000C523B /* RegisterViewReactor.swift */; };
		F2350B312636D4DA000C523B /* RegisterViewController.swift in Sources */ = {isa = PBXBuildFile; fileRef = F2350B2F2636D4DA000C523B /* RegisterViewController.swift */; };
		F2350B482636E27D000C523B /* PassStep.swift in Sources */ = {isa = PBXBuildFile; fileRef = F2350B472636E27D000C523B /* PassStep.swift */; };
		F2350B502636E289000C523B /* AppFlow.swift in Sources */ = {isa = PBXBuildFile; fileRef = F2350B4F2636E289000C523B /* AppFlow.swift */; };
		F2350B5A263798F3000C523B /* IntroFlow.swift in Sources */ = {isa = PBXBuildFile; fileRef = F2350B59263798F3000C523B /* IntroFlow.swift */; };
		F2350B6B2637A1E7000C523B /* TabBarFlow.swift in Sources */ = {isa = PBXBuildFile; fileRef = F2350B6A2637A1E7000C523B /* TabBarFlow.swift */; };
		F2350B71263827F7000C523B /* HomeFlow.swift in Sources */ = {isa = PBXBuildFile; fileRef = F2350B70263827F7000C523B /* HomeFlow.swift */; };
		F2350B7926382803000C523B /* MyConsumeFlow.swift in Sources */ = {isa = PBXBuildFile; fileRef = F2350B7826382803000C523B /* MyConsumeFlow.swift */; };
		F2350B7E2638280D000C523B /* SettingsFlow.swift in Sources */ = {isa = PBXBuildFile; fileRef = F2350B7D2638280D000C523B /* SettingsFlow.swift */; };
		F2350B8326382CFB000C523B /* TabBarViewController.swift in Sources */ = {isa = PBXBuildFile; fileRef = F2350B8226382CFB000C523B /* TabBarViewController.swift */; };
		F25B016126042E9000EBF7F0 /* Preview.swift in Sources */ = {isa = PBXBuildFile; fileRef = F25B016026042E9000EBF7F0 /* Preview.swift */; };
		F25B016926042F9F00EBF7F0 /* BaseViewController.swift in Sources */ = {isa = PBXBuildFile; fileRef = F25B016826042F9F00EBF7F0 /* BaseViewController.swift */; };
		F25B0174260430AC00EBF7F0 /* SplashViewController.swift in Sources */ = {isa = PBXBuildFile; fileRef = F25B0173260430AC00EBF7F0 /* SplashViewController.swift */; };
		F25B0179260430C700EBF7F0 /* SplashViewReactor.swift in Sources */ = {isa = PBXBuildFile; fileRef = F25B0178260430C700EBF7F0 /* SplashViewReactor.swift */; };
		F2685033263BE3B50047A5B0 /* String.swift in Sources */ = {isa = PBXBuildFile; fileRef = F2685032263BE3B50047A5B0 /* String.swift */; };
		F2685051263C23930047A5B0 /* LoginViewReactor.swift in Sources */ = {isa = PBXBuildFile; fileRef = F268504F263C23930047A5B0 /* LoginViewReactor.swift */; };
		F2685052263C23930047A5B0 /* LoginViewController.swift in Sources */ = {isa = PBXBuildFile; fileRef = F2685050263C23930047A5B0 /* LoginViewController.swift */; };
		F2796476261D780E00B77241 /* AuthService.swift in Sources */ = {isa = PBXBuildFile; fileRef = F2796475261D780E00B77241 /* AuthService.swift */; };
		F280ACA2263B98F400663BFB /* Color.xcassets in Resources */ = {isa = PBXBuildFile; fileRef = F280ACA1263B98F400663BFB /* Color.xcassets */; };
		F28419DE2625694200A703DD /* Token.swift in Sources */ = {isa = PBXBuildFile; fileRef = F28419DD2625694200A703DD /* Token.swift */; };
		F2887F9A2648FE8D0021BDB8 /* BankAccount.swift in Sources */ = {isa = PBXBuildFile; fileRef = F2887F992648FE8D0021BDB8 /* BankAccount.swift */; };
		F2887F9C2648FF2A0021BDB8 /* Bank.swift in Sources */ = {isa = PBXBuildFile; fileRef = F2887F9B2648FF2A0021BDB8 /* Bank.swift */; };
		F2887F9E2649017B0021BDB8 /* AccountService.swift in Sources */ = {isa = PBXBuildFile; fileRef = F2887F9D2649017B0021BDB8 /* AccountService.swift */; };
		F2887FA0264906520021BDB8 /* TransactionDetail.swift in Sources */ = {isa = PBXBuildFile; fileRef = F2887F9F264906520021BDB8 /* TransactionDetail.swift */; };
		F2887FA926490E1B0021BDB8 /* AccountCell.swift in Sources */ = {isa = PBXBuildFile; fileRef = F2887FA826490E1B0021BDB8 /* AccountCell.swift */; };
		F2887FAD26490E8F0021BDB8 /* AddAccountCell.swift in Sources */ = {isa = PBXBuildFile; fileRef = F2887FAC26490E8F0021BDB8 /* AddAccountCell.swift */; };
		F2887FAF264910340021BDB8 /* BaseTableViewCell.swift in Sources */ = {isa = PBXBuildFile; fileRef = F2887FAE264910340021BDB8 /* BaseTableViewCell.swift */; };
		F2887FB2264923710021BDB8 /* HomeViewSection.swift in Sources */ = {isa = PBXBuildFile; fileRef = F2887FB1264923710021BDB8 /* HomeViewSection.swift */; };
		F2887FB426494D6C0021BDB8 /* TotalAccountCell.swift in Sources */ = {isa = PBXBuildFile; fileRef = F2887FB326494D6C0021BDB8 /* TotalAccountCell.swift */; };
		F2887FB626494E320021BDB8 /* TotalAccountCellReactor.swift in Sources */ = {isa = PBXBuildFile; fileRef = F2887FB526494E320021BDB8 /* TotalAccountCellReactor.swift */; };
		F2887FB8264954910021BDB8 /* AccountCellReactor.swift in Sources */ = {isa = PBXBuildFile; fileRef = F2887FB7264954910021BDB8 /* AccountCellReactor.swift */; };
		F2887FBA2649579E0021BDB8 /* UIImageView+Kingfisher.swift in Sources */ = {isa = PBXBuildFile; fileRef = F2887FB92649579E0021BDB8 /* UIImageView+Kingfisher.swift */; };
		F2887FBE264A58F80021BDB8 /* RefreshControl.swift in Sources */ = {isa = PBXBuildFile; fileRef = F2887FBD264A58F80021BDB8 /* RefreshControl.swift */; };
		F2887FC0264BF0910021BDB8 /* UIInt.swift in Sources */ = {isa = PBXBuildFile; fileRef = F2887FBF264BF0910021BDB8 /* UIInt.swift */; };
		F2887FC2264CE5740021BDB8 /* UITableView+Rx.swift in Sources */ = {isa = PBXBuildFile; fileRef = F2887FC1264CE5730021BDB8 /* UITableView+Rx.swift */; };
		F2887FCC264CEC130021BDB8 /* TotalAccountViewReactor.swift in Sources */ = {isa = PBXBuildFile; fileRef = F2887FCA264CEC130021BDB8 /* TotalAccountViewReactor.swift */; };
		F2887FCD264CEC130021BDB8 /* TotalAccountViewController.swift in Sources */ = {isa = PBXBuildFile; fileRef = F2887FCB264CEC130021BDB8 /* TotalAccountViewController.swift */; };
		F2887FD0264CEC1B0021BDB8 /* AccountViewReactor.swift in Sources */ = {isa = PBXBuildFile; fileRef = F2887FCE264CEC1B0021BDB8 /* AccountViewReactor.swift */; };
		F2887FD1264CEC1B0021BDB8 /* AccountViewController.swift in Sources */ = {isa = PBXBuildFile; fileRef = F2887FCF264CEC1B0021BDB8 /* AccountViewController.swift */; };
		F2887FD5264CEC7E0021BDB8 /* AddAccountViewReactor.swift in Sources */ = {isa = PBXBuildFile; fileRef = F2887FD3264CEC7E0021BDB8 /* AddAccountViewReactor.swift */; };
		F2887FD6264CEC7E0021BDB8 /* AddAccountViewController.swift in Sources */ = {isa = PBXBuildFile; fileRef = F2887FD4264CEC7E0021BDB8 /* AddAccountViewController.swift */; };
		F2887FDA264D01130021BDB8 /* ProfileViewReactor.swift in Sources */ = {isa = PBXBuildFile; fileRef = F2887FD8264D01130021BDB8 /* ProfileViewReactor.swift */; };
		F2887FDB264D01130021BDB8 /* ProfileViewController.swift in Sources */ = {isa = PBXBuildFile; fileRef = F2887FD9264D01130021BDB8 /* ProfileViewController.swift */; };
		F2887FDE264D26750021BDB8 /* ProfileHeaderViewReactor.swift in Sources */ = {isa = PBXBuildFile; fileRef = F2887FDC264D26750021BDB8 /* ProfileHeaderViewReactor.swift */; };
		F2887FDF264D26750021BDB8 /* ProfileHeaderView.swift in Sources */ = {isa = PBXBuildFile; fileRef = F2887FDD264D26750021BDB8 /* ProfileHeaderView.swift */; };
		F2887FE4264E53E60021BDB8 /* HomeSectionHeaderView.swift in Sources */ = {isa = PBXBuildFile; fileRef = F2887FE3264E53E60021BDB8 /* HomeSectionHeaderView.swift */; };
		F2887FE6264E96400021BDB8 /* TotalAccountViewSection.swift in Sources */ = {isa = PBXBuildFile; fileRef = F2887FE5264E96400021BDB8 /* TotalAccountViewSection.swift */; };
		F2887FEA2651EC710021BDB8 /* TotalAccountViewHeader.swift in Sources */ = {isa = PBXBuildFile; fileRef = F2887FE92651EC710021BDB8 /* TotalAccountViewHeader.swift */; };
		F2887FF026524D120021BDB8 /* AccountHistory.swift in Sources */ = {isa = PBXBuildFile; fileRef = F2887FEF26524D120021BDB8 /* AccountHistory.swift */; };
		F2887FF226527FBE0021BDB8 /* AccountHistoryCell.swift in Sources */ = {isa = PBXBuildFile; fileRef = F2887FF126527FBE0021BDB8 /* AccountHistoryCell.swift */; };
		F2887FF52653523D0021BDB8 /* AccountHistoryCellReactor.swift in Sources */ = {isa = PBXBuildFile; fileRef = F2887FF42653523D0021BDB8 /* AccountHistoryCellReactor.swift */; };
		F2887FF8265378140021BDB8 /* AccountViewHeader.swift in Sources */ = {isa = PBXBuildFile; fileRef = F2887FF7265378140021BDB8 /* AccountViewHeader.swift */; };
		F2887FFA265378D60021BDB8 /* AccountViewHeaderReactor.swift in Sources */ = {isa = PBXBuildFile; fileRef = F2887FF9265378D60021BDB8 /* AccountViewHeaderReactor.swift */; };
		F2887FFC265B2F3D0021BDB8 /* ProfileViewSection.swift in Sources */ = {isa = PBXBuildFile; fileRef = F2887FFB265B2F3D0021BDB8 /* ProfileViewSection.swift */; };
		F2887FFE265B36DB0021BDB8 /* ProfileItemCell.swift in Sources */ = {isa = PBXBuildFile; fileRef = F2887FFD265B36DB0021BDB8 /* ProfileItemCell.swift */; };
		F2888000265B37010021BDB8 /* ProfileItemCellReactor.swift in Sources */ = {isa = PBXBuildFile; fileRef = F2887FFF265B37010021BDB8 /* ProfileItemCellReactor.swift */; };
		F2888002265B41B80021BDB8 /* ProfileAvatarItemCell.swift in Sources */ = {isa = PBXBuildFile; fileRef = F2888001265B41B80021BDB8 /* ProfileAvatarItemCell.swift */; };
		F2888004265B42FD0021BDB8 /* ProfileAvatarItemCellReactor.swift in Sources */ = {isa = PBXBuildFile; fileRef = F2888003265B42FD0021BDB8 /* ProfileAvatarItemCellReactor.swift */; };
		F2888006265B4FC10021BDB8 /* TransferFlow.swift in Sources */ = {isa = PBXBuildFile; fileRef = F2888005265B4FC10021BDB8 /* TransferFlow.swift */; };
		F2893D4E263D235600801067 /* PassTextField.swift in Sources */ = {isa = PBXBuildFile; fileRef = F2893D4C263D235600801067 /* PassTextField.swift */; };
		F2893D51263D638E00801067 /* PasswordViewReactor.swift in Sources */ = {isa = PBXBuildFile; fileRef = F2893D4F263D638E00801067 /* PasswordViewReactor.swift */; };
		F2893D52263D638E00801067 /* PasswordViewController.swift in Sources */ = {isa = PBXBuildFile; fileRef = F2893D50263D638E00801067 /* PasswordViewController.swift */; };
		F2893D56263D68C600801067 /* PassNumberPad.swift in Sources */ = {isa = PBXBuildFile; fileRef = F2893D55263D68C600801067 /* PassNumberPad.swift */; };
		F2893D58263D69F500801067 /* NumberButton.swift in Sources */ = {isa = PBXBuildFile; fileRef = F2893D57263D69F500801067 /* NumberButton.swift */; };
		F2893D5A263D745400801067 /* PassPlainButton.swift in Sources */ = {isa = PBXBuildFile; fileRef = F2893D59263D745400801067 /* PassPlainButton.swift */; };
		F292C318263B844300E318EE /* UIViewControllerPreview.swift in Sources */ = {isa = PBXBuildFile; fileRef = F292C317263B844300E318EE /* UIViewControllerPreview.swift */; };
		F292C31D263B84B600E318EE /* UIViewPreview.swift in Sources */ = {isa = PBXBuildFile; fileRef = F292C31C263B84B600E318EE /* UIViewPreview.swift */; };
		F2B129ED263E8CF600C96453 /* SecureTextEntry.swift in Sources */ = {isa = PBXBuildFile; fileRef = F2B129EC263E8CF600C96453 /* SecureTextEntry.swift */; };
		F2B129EF263EE9F300C96453 /* HapticFeedback.swift in Sources */ = {isa = PBXBuildFile; fileRef = F2B129EE263EE9F300C96453 /* HapticFeedback.swift */; };
		F2B129F12640E4EB00C96453 /* Message.swift in Sources */ = {isa = PBXBuildFile; fileRef = F2B129F02640E4EB00C96453 /* Message.swift */; };
		F2B129F32641233F00C96453 /* ValidationResult.swift in Sources */ = {isa = PBXBuildFile; fileRef = F2B129F22641233E00C96453 /* ValidationResult.swift */; };
		F2B129F626412CA900C96453 /* UIButton+Rx.swift in Sources */ = {isa = PBXBuildFile; fileRef = F2B129F526412CA900C96453 /* UIButton+Rx.swift */; };
		F2C6AD6A2643BE09008FCD69 /* HomeViewReactor.swift in Sources */ = {isa = PBXBuildFile; fileRef = F2C6AD682643BE09008FCD69 /* HomeViewReactor.swift */; };
		F2C6AD6B2643BE09008FCD69 /* HomeViewController.swift in Sources */ = {isa = PBXBuildFile; fileRef = F2C6AD692643BE09008FCD69 /* HomeViewController.swift */; };
		F2D2FB88265B552D0010731F /* TransferDestinationViewReactor.swift in Sources */ = {isa = PBXBuildFile; fileRef = F2D2FB86265B552D0010731F /* TransferDestinationViewReactor.swift */; };
		F2D2FB89265B552D0010731F /* TransferDestinationViewController.swift in Sources */ = {isa = PBXBuildFile; fileRef = F2D2FB87265B552D0010731F /* TransferDestinationViewController.swift */; };
		F2D2FB97265B96500010731F /* KeyboardTopButton.swift in Sources */ = {isa = PBXBuildFile; fileRef = F2D2FB96265B96500010731F /* KeyboardTopButton.swift */; };
		F2D2FBA0265BC88F0010731F /* BankListViewReactor.swift in Sources */ = {isa = PBXBuildFile; fileRef = F2D2FB9E265BC88F0010731F /* BankListViewReactor.swift */; };
		F2D2FBA1265BC88F0010731F /* BankListViewController.swift in Sources */ = {isa = PBXBuildFile; fileRef = F2D2FB9F265BC88F0010731F /* BankListViewController.swift */; };
		F2D2FBA6265C81880010731F /* BaseCollectionViewCell.swift in Sources */ = {isa = PBXBuildFile; fileRef = F2D2FBA5265C81880010731F /* BaseCollectionViewCell.swift */; };
		F2D2FBA8265C82770010731F /* BankListCell.swift in Sources */ = {isa = PBXBuildFile; fileRef = F2D2FBA7265C82770010731F /* BankListCell.swift */; };
		F2D2FBAA265C82940010731F /* BankListCellReactor.swift in Sources */ = {isa = PBXBuildFile; fileRef = F2D2FBA9265C82940010731F /* BankListCellReactor.swift */; };
		F2D2FBAC265C88910010731F /* BankListViewSection.swift in Sources */ = {isa = PBXBuildFile; fileRef = F2D2FBAB265C88910010731F /* BankListViewSection.swift */; };
		F2D2FBB0265CBAB90010731F /* TransferAmountViewReactor.swift in Sources */ = {isa = PBXBuildFile; fileRef = F2D2FBAE265CBAB90010731F /* TransferAmountViewReactor.swift */; };
		F2D2FBB1265CBAB90010731F /* TransferAmountViewController.swift in Sources */ = {isa = PBXBuildFile; fileRef = F2D2FBAF265CBAB90010731F /* TransferAmountViewController.swift */; };
		F2D2FBB3265CC5DE0010731F /* AnimationLabel.swift in Sources */ = {isa = PBXBuildFile; fileRef = F2D2FBB2265CC5DE0010731F /* AnimationLabel.swift */; };
		F2D2FBB5265DC7C40010731F /* UIView.swift in Sources */ = {isa = PBXBuildFile; fileRef = F2D2FBB4265DC7C40010731F /* UIView.swift */; };
		F2D2FBE12665FB9E0010731F /* TransferCheckViewReactor.swift in Sources */ = {isa = PBXBuildFile; fileRef = F2D2FBDF2665FB9E0010731F /* TransferCheckViewReactor.swift */; };
		F2D2FBE22665FB9E0010731F /* TransferCheckViewController.swift in Sources */ = {isa = PBXBuildFile; fileRef = F2D2FBE02665FB9E0010731F /* TransferCheckViewController.swift */; };
		F2D2FBE52667003E0010731F /* AddAccountFlow.swift in Sources */ = {isa = PBXBuildFile; fileRef = F2D2FBE42667003E0010731F /* AddAccountFlow.swift */; };
		F2D2FBE7266701F80010731F /* BankCheckListViewController.swift in Sources */ = {isa = PBXBuildFile; fileRef = F2D2FBE6266701F80010731F /* BankCheckListViewController.swift */; };
		F2D2FBEB26670B550010731F /* InputAccountNumberViewReactor.swift in Sources */ = {isa = PBXBuildFile; fileRef = F2D2FBE926670B550010731F /* InputAccountNumberViewReactor.swift */; };
		F2D2FBEC26670B550010731F /* InputAccountNumberViewController.swift in Sources */ = {isa = PBXBuildFile; fileRef = F2D2FBEA26670B550010731F /* InputAccountNumberViewController.swift */; };
		F2D2FBEE266725360010731F /* SettingItemCell.swift in Sources */ = {isa = PBXBuildFile; fileRef = F2D2FBED266725360010731F /* SettingItemCell.swift */; };
		F2D2FBF02667255E0010731F /* SettingItemCellReactor.swift in Sources */ = {isa = PBXBuildFile; fileRef = F2D2FBEF2667255E0010731F /* SettingItemCellReactor.swift */; };
		F2D2FBF2266726350010731F /* SettingsViewSection.swift in Sources */ = {isa = PBXBuildFile; fileRef = F2D2FBF1266726350010731F /* SettingsViewSection.swift */; };
		F2D2FBF62667306A0010731F /* VersionViewReactor.swift in Sources */ = {isa = PBXBuildFile; fileRef = F2D2FBF42667306A0010731F /* VersionViewReactor.swift */; };
		F2D2FBF72667306A0010731F /* VersionViewController.swift in Sources */ = {isa = PBXBuildFile; fileRef = F2D2FBF52667306A0010731F /* VersionViewController.swift */; };
		F2E213472639404600B79C4E /* CGFloatLiteral.swift in Sources */ = {isa = PBXBuildFile; fileRef = F2E213462639404600B79C4E /* CGFloatLiteral.swift */; };
		F2E213502639420200B79C4E /* IntroViewReactor.swift in Sources */ = {isa = PBXBuildFile; fileRef = F2E2134E2639420200B79C4E /* IntroViewReactor.swift */; };
		F2E213512639420200B79C4E /* IntroViewController.swift in Sources */ = {isa = PBXBuildFile; fileRef = F2E2134F2639420200B79C4E /* IntroViewController.swift */; };
		F2E4B9BF261AE12100632221 /* Network.swift in Sources */ = {isa = PBXBuildFile; fileRef = F2E4B9BE261AE12100632221 /* Network.swift */; };
		F2E4B9C5261AE2EA00632221 /* RequestLoggingPlugin.swift in Sources */ = {isa = PBXBuildFile; fileRef = F2E4B9C4261AE2EA00632221 /* RequestLoggingPlugin.swift */; };
		F2E4B9CD261AE5A800632221 /* PassAPI.swift in Sources */ = {isa = PBXBuildFile; fileRef = F2E4B9CC261AE5A800632221 /* PassAPI.swift */; };
		F2E4B9D2261AE66400632221 /* User.swift in Sources */ = {isa = PBXBuildFile; fileRef = F2E4B9D1261AE66400632221 /* User.swift */; };
		F2E4B9D7261AE76D00632221 /* ModelType.swift in Sources */ = {isa = PBXBuildFile; fileRef = F2E4B9D6261AE76D00632221 /* ModelType.swift */; };
		F2E4B9FB261AE97F00632221 /* ModelStream.swift in Sources */ = {isa = PBXBuildFile; fileRef = F2E4B9FA261AE97F00632221 /* ModelStream.swift */; };
		F2E4BA15261B2AEC00632221 /* UserService.swift in Sources */ = {isa = PBXBuildFile; fileRef = F2E4BA14261B2AEC00632221 /* UserService.swift */; };
		F2E4BA41261C2B3500632221 /* AppServices.swift in Sources */ = {isa = PBXBuildFile; fileRef = F2E4BA40261C2B3500632221 /* AppServices.swift */; };
		F6990AF53FD20288CCAE2944 /* Pods_Pass_PassTests.framework in Frameworks */ = {isa = PBXBuildFile; fileRef = 316EB235B0A1F9CA73A36DE9 /* Pods_Pass_PassTests.framework */; };
/* End PBXBuildFile section */

/* Begin PBXContainerItemProxy section */
		F22B23B626021F33003AAD9D /* PBXContainerItemProxy */ = {
			isa = PBXContainerItemProxy;
			containerPortal = F22B237D25FF2F3B003AAD9D /* Project object */;
			proxyType = 1;
			remoteGlobalIDString = F22B238425FF2F3B003AAD9D;
			remoteInfo = Pass;
		};
		F22B23C626021F4C003AAD9D /* PBXContainerItemProxy */ = {
			isa = PBXContainerItemProxy;
			containerPortal = F22B237D25FF2F3B003AAD9D /* Project object */;
			proxyType = 1;
			remoteGlobalIDString = F22B238425FF2F3B003AAD9D;
			remoteInfo = Pass;
		};
/* End PBXContainerItemProxy section */

/* Begin PBXFileReference section */
		05C38D4BEA2A1E36C83468A8 /* Pods-Pass-PassTests.debug.xcconfig */ = {isa = PBXFileReference; includeInIndex = 1; lastKnownFileType = text.xcconfig; name = "Pods-Pass-PassTests.debug.xcconfig"; path = "Target Support Files/Pods-Pass-PassTests/Pods-Pass-PassTests.debug.xcconfig"; sourceTree = "<group>"; };
		18404FF48D49149D3DC21601 /* Pods-PassTests.debug.xcconfig */ = {isa = PBXFileReference; includeInIndex = 1; lastKnownFileType = text.xcconfig; name = "Pods-PassTests.debug.xcconfig"; path = "Target Support Files/Pods-PassTests/Pods-PassTests.debug.xcconfig"; sourceTree = "<group>"; };
		316EB235B0A1F9CA73A36DE9 /* Pods_Pass_PassTests.framework */ = {isa = PBXFileReference; explicitFileType = wrapper.framework; includeInIndex = 0; path = Pods_Pass_PassTests.framework; sourceTree = BUILT_PRODUCTS_DIR; };
		7128CBC35D2FE2C9F379A5FB /* Pods_Pass.framework */ = {isa = PBXFileReference; explicitFileType = wrapper.framework; includeInIndex = 0; path = Pods_Pass.framework; sourceTree = BUILT_PRODUCTS_DIR; };
		AED073430E75238D505012B6 /* Pods-Pass-PassTests.release.xcconfig */ = {isa = PBXFileReference; includeInIndex = 1; lastKnownFileType = text.xcconfig; name = "Pods-Pass-PassTests.release.xcconfig"; path = "Target Support Files/Pods-Pass-PassTests/Pods-Pass-PassTests.release.xcconfig"; sourceTree = "<group>"; };
		B5F9964E65DBB3584ED41F19 /* Pods-Pass.release.xcconfig */ = {isa = PBXFileReference; includeInIndex = 1; lastKnownFileType = text.xcconfig; name = "Pods-Pass.release.xcconfig"; path = "Target Support Files/Pods-Pass/Pods-Pass.release.xcconfig"; sourceTree = "<group>"; };
		BB94F703A44CECA3543A16E2 /* Pods-PassTests.release.xcconfig */ = {isa = PBXFileReference; includeInIndex = 1; lastKnownFileType = text.xcconfig; name = "Pods-PassTests.release.xcconfig"; path = "Target Support Files/Pods-PassTests/Pods-PassTests.release.xcconfig"; sourceTree = "<group>"; };
		C41DACDB08774A68478AC17E /* Pods-Pass.debug.xcconfig */ = {isa = PBXFileReference; includeInIndex = 1; lastKnownFileType = text.xcconfig; name = "Pods-Pass.debug.xcconfig"; path = "Target Support Files/Pods-Pass/Pods-Pass.debug.xcconfig"; sourceTree = "<group>"; };
		F2059A9126198A690016AE87 /* R.generated.swift */ = {isa = PBXFileReference; fileEncoding = 4; lastKnownFileType = sourcecode.swift; path = R.generated.swift; sourceTree = SOURCE_ROOT; };
		F22B238525FF2F3B003AAD9D /* Pass.app */ = {isa = PBXFileReference; explicitFileType = wrapper.application; includeInIndex = 0; path = Pass.app; sourceTree = BUILT_PRODUCTS_DIR; };
		F22B238825FF2F3B003AAD9D /* AppDelegate.swift */ = {isa = PBXFileReference; lastKnownFileType = sourcecode.swift; path = AppDelegate.swift; sourceTree = "<group>"; };
		F22B239125FF2F3D003AAD9D /* Assets.xcassets */ = {isa = PBXFileReference; lastKnownFileType = folder.assetcatalog; path = Assets.xcassets; sourceTree = "<group>"; };
		F22B239425FF2F3D003AAD9D /* Base */ = {isa = PBXFileReference; lastKnownFileType = file.storyboard; name = Base; path = Base.lproj/LaunchScreen.storyboard; sourceTree = "<group>"; };
		F22B239625FF2F3D003AAD9D /* Info.plist */ = {isa = PBXFileReference; lastKnownFileType = text.plist.xml; path = Info.plist; sourceTree = "<group>"; };
		F22B23B126021F33003AAD9D /* PassTests.xctest */ = {isa = PBXFileReference; explicitFileType = wrapper.cfbundle; includeInIndex = 0; path = PassTests.xctest; sourceTree = BUILT_PRODUCTS_DIR; };
		F22B23B326021F33003AAD9D /* PassTests.swift */ = {isa = PBXFileReference; lastKnownFileType = sourcecode.swift; path = PassTests.swift; sourceTree = "<group>"; };
		F22B23B526021F33003AAD9D /* Info.plist */ = {isa = PBXFileReference; lastKnownFileType = text.plist.xml; path = Info.plist; sourceTree = "<group>"; };
		F22B23C126021F4C003AAD9D /* PassUITests.xctest */ = {isa = PBXFileReference; explicitFileType = wrapper.cfbundle; includeInIndex = 0; path = PassUITests.xctest; sourceTree = BUILT_PRODUCTS_DIR; };
		F22B23C326021F4C003AAD9D /* PassUITests.swift */ = {isa = PBXFileReference; lastKnownFileType = sourcecode.swift; path = PassUITests.swift; sourceTree = "<group>"; };
		F22B23C526021F4C003AAD9D /* Info.plist */ = {isa = PBXFileReference; lastKnownFileType = text.plist.xml; path = Info.plist; sourceTree = "<group>"; };
		F2350A9F26368AAB000C523B /* .swiftlint.yml */ = {isa = PBXFileReference; fileEncoding = 4; lastKnownFileType = text.yaml; path = .swiftlint.yml; sourceTree = SOURCE_ROOT; };
		F2350AAB26368BEC000C523B /* BaseAPI.swift */ = {isa = PBXFileReference; lastKnownFileType = sourcecode.swift; path = BaseAPI.swift; sourceTree = "<group>"; };
		F2350AB326368BF8000C523B /* AuthAPI.swift */ = {isa = PBXFileReference; lastKnownFileType = sourcecode.swift; path = AuthAPI.swift; sourceTree = "<group>"; };
		F2350ABB26368C21000C523B /* AuthPlugin.swift */ = {isa = PBXFileReference; lastKnownFileType = sourcecode.swift; path = AuthPlugin.swift; sourceTree = "<group>"; };
		F2350B112636D259000C523B /* SettingsViewReactor.swift */ = {isa = PBXFileReference; lastKnownFileType = sourcecode.swift; path = SettingsViewReactor.swift; sourceTree = "<group>"; };
		F2350B122636D259000C523B /* SettingsViewController.swift */ = {isa = PBXFileReference; lastKnownFileType = sourcecode.swift; path = SettingsViewController.swift; sourceTree = "<group>"; };
		F2350B182636D263000C523B /* MyConsumeViewReactor.swift */ = {isa = PBXFileReference; lastKnownFileType = sourcecode.swift; path = MyConsumeViewReactor.swift; sourceTree = "<group>"; };
		F2350B192636D263000C523B /* MyConsumeViewController.swift */ = {isa = PBXFileReference; lastKnownFileType = sourcecode.swift; path = MyConsumeViewController.swift; sourceTree = "<group>"; };
		F2350B2E2636D4DA000C523B /* RegisterViewReactor.swift */ = {isa = PBXFileReference; lastKnownFileType = sourcecode.swift; path = RegisterViewReactor.swift; sourceTree = "<group>"; };
		F2350B2F2636D4DA000C523B /* RegisterViewController.swift */ = {isa = PBXFileReference; lastKnownFileType = sourcecode.swift; path = RegisterViewController.swift; sourceTree = "<group>"; };
		F2350B472636E27D000C523B /* PassStep.swift */ = {isa = PBXFileReference; lastKnownFileType = sourcecode.swift; path = PassStep.swift; sourceTree = "<group>"; };
		F2350B4F2636E289000C523B /* AppFlow.swift */ = {isa = PBXFileReference; lastKnownFileType = sourcecode.swift; path = AppFlow.swift; sourceTree = "<group>"; };
		F2350B59263798F3000C523B /* IntroFlow.swift */ = {isa = PBXFileReference; lastKnownFileType = sourcecode.swift; path = IntroFlow.swift; sourceTree = "<group>"; };
		F2350B6A2637A1E7000C523B /* TabBarFlow.swift */ = {isa = PBXFileReference; lastKnownFileType = sourcecode.swift; path = TabBarFlow.swift; sourceTree = "<group>"; };
		F2350B70263827F7000C523B /* HomeFlow.swift */ = {isa = PBXFileReference; lastKnownFileType = sourcecode.swift; path = HomeFlow.swift; sourceTree = "<group>"; };
		F2350B7826382803000C523B /* MyConsumeFlow.swift */ = {isa = PBXFileReference; lastKnownFileType = sourcecode.swift; path = MyConsumeFlow.swift; sourceTree = "<group>"; };
		F2350B7D2638280D000C523B /* SettingsFlow.swift */ = {isa = PBXFileReference; lastKnownFileType = sourcecode.swift; path = SettingsFlow.swift; sourceTree = "<group>"; };
		F2350B8226382CFB000C523B /* TabBarViewController.swift */ = {isa = PBXFileReference; lastKnownFileType = sourcecode.swift; path = TabBarViewController.swift; sourceTree = "<group>"; };
		F25B016026042E9000EBF7F0 /* Preview.swift */ = {isa = PBXFileReference; lastKnownFileType = sourcecode.swift; path = Preview.swift; sourceTree = "<group>"; };
		F25B016826042F9F00EBF7F0 /* BaseViewController.swift */ = {isa = PBXFileReference; lastKnownFileType = sourcecode.swift; path = BaseViewController.swift; sourceTree = "<group>"; };
		F25B0173260430AC00EBF7F0 /* SplashViewController.swift */ = {isa = PBXFileReference; lastKnownFileType = sourcecode.swift; path = SplashViewController.swift; sourceTree = "<group>"; };
		F25B0178260430C700EBF7F0 /* SplashViewReactor.swift */ = {isa = PBXFileReference; lastKnownFileType = sourcecode.swift; path = SplashViewReactor.swift; sourceTree = "<group>"; };
		F2685032263BE3B50047A5B0 /* String.swift */ = {isa = PBXFileReference; lastKnownFileType = sourcecode.swift; path = String.swift; sourceTree = "<group>"; };
		F268504F263C23930047A5B0 /* LoginViewReactor.swift */ = {isa = PBXFileReference; lastKnownFileType = sourcecode.swift; path = LoginViewReactor.swift; sourceTree = "<group>"; };
		F2685050263C23930047A5B0 /* LoginViewController.swift */ = {isa = PBXFileReference; lastKnownFileType = sourcecode.swift; path = LoginViewController.swift; sourceTree = "<group>"; };
		F2796475261D780E00B77241 /* AuthService.swift */ = {isa = PBXFileReference; lastKnownFileType = sourcecode.swift; path = AuthService.swift; sourceTree = "<group>"; };
		F280ACA1263B98F400663BFB /* Color.xcassets */ = {isa = PBXFileReference; lastKnownFileType = folder.assetcatalog; path = Color.xcassets; sourceTree = "<group>"; };
		F28419DD2625694200A703DD /* Token.swift */ = {isa = PBXFileReference; lastKnownFileType = sourcecode.swift; path = Token.swift; sourceTree = "<group>"; };
		F2887F992648FE8D0021BDB8 /* BankAccount.swift */ = {isa = PBXFileReference; lastKnownFileType = sourcecode.swift; path = BankAccount.swift; sourceTree = "<group>"; };
		F2887F9B2648FF2A0021BDB8 /* Bank.swift */ = {isa = PBXFileReference; lastKnownFileType = sourcecode.swift; path = Bank.swift; sourceTree = "<group>"; };
		F2887F9D2649017B0021BDB8 /* AccountService.swift */ = {isa = PBXFileReference; lastKnownFileType = sourcecode.swift; path = AccountService.swift; sourceTree = "<group>"; };
		F2887F9F264906520021BDB8 /* TransactionDetail.swift */ = {isa = PBXFileReference; lastKnownFileType = sourcecode.swift; path = TransactionDetail.swift; sourceTree = "<group>"; };
		F2887FA826490E1B0021BDB8 /* AccountCell.swift */ = {isa = PBXFileReference; lastKnownFileType = sourcecode.swift; path = AccountCell.swift; sourceTree = "<group>"; };
		F2887FAC26490E8F0021BDB8 /* AddAccountCell.swift */ = {isa = PBXFileReference; lastKnownFileType = sourcecode.swift; path = AddAccountCell.swift; sourceTree = "<group>"; };
		F2887FAE264910340021BDB8 /* BaseTableViewCell.swift */ = {isa = PBXFileReference; lastKnownFileType = sourcecode.swift; path = BaseTableViewCell.swift; sourceTree = "<group>"; };
		F2887FB1264923710021BDB8 /* HomeViewSection.swift */ = {isa = PBXFileReference; lastKnownFileType = sourcecode.swift; path = HomeViewSection.swift; sourceTree = "<group>"; };
		F2887FB326494D6C0021BDB8 /* TotalAccountCell.swift */ = {isa = PBXFileReference; lastKnownFileType = sourcecode.swift; path = TotalAccountCell.swift; sourceTree = "<group>"; };
		F2887FB526494E320021BDB8 /* TotalAccountCellReactor.swift */ = {isa = PBXFileReference; lastKnownFileType = sourcecode.swift; path = TotalAccountCellReactor.swift; sourceTree = "<group>"; };
		F2887FB7264954910021BDB8 /* AccountCellReactor.swift */ = {isa = PBXFileReference; lastKnownFileType = sourcecode.swift; path = AccountCellReactor.swift; sourceTree = "<group>"; };
		F2887FB92649579E0021BDB8 /* UIImageView+Kingfisher.swift */ = {isa = PBXFileReference; lastKnownFileType = sourcecode.swift; path = "UIImageView+Kingfisher.swift"; sourceTree = "<group>"; };
		F2887FBD264A58F80021BDB8 /* RefreshControl.swift */ = {isa = PBXFileReference; lastKnownFileType = sourcecode.swift; path = RefreshControl.swift; sourceTree = "<group>"; };
		F2887FBF264BF0910021BDB8 /* UIInt.swift */ = {isa = PBXFileReference; lastKnownFileType = sourcecode.swift; path = UIInt.swift; sourceTree = "<group>"; };
		F2887FC1264CE5730021BDB8 /* UITableView+Rx.swift */ = {isa = PBXFileReference; lastKnownFileType = sourcecode.swift; path = "UITableView+Rx.swift"; sourceTree = "<group>"; };
		F2887FCA264CEC130021BDB8 /* TotalAccountViewReactor.swift */ = {isa = PBXFileReference; lastKnownFileType = sourcecode.swift; path = TotalAccountViewReactor.swift; sourceTree = "<group>"; };
		F2887FCB264CEC130021BDB8 /* TotalAccountViewController.swift */ = {isa = PBXFileReference; lastKnownFileType = sourcecode.swift; path = TotalAccountViewController.swift; sourceTree = "<group>"; };
		F2887FCE264CEC1B0021BDB8 /* AccountViewReactor.swift */ = {isa = PBXFileReference; lastKnownFileType = sourcecode.swift; path = AccountViewReactor.swift; sourceTree = "<group>"; };
		F2887FCF264CEC1B0021BDB8 /* AccountViewController.swift */ = {isa = PBXFileReference; lastKnownFileType = sourcecode.swift; path = AccountViewController.swift; sourceTree = "<group>"; };
		F2887FD3264CEC7E0021BDB8 /* AddAccountViewReactor.swift */ = {isa = PBXFileReference; lastKnownFileType = sourcecode.swift; path = AddAccountViewReactor.swift; sourceTree = "<group>"; };
		F2887FD4264CEC7E0021BDB8 /* AddAccountViewController.swift */ = {isa = PBXFileReference; lastKnownFileType = sourcecode.swift; path = AddAccountViewController.swift; sourceTree = "<group>"; };
		F2887FD8264D01130021BDB8 /* ProfileViewReactor.swift */ = {isa = PBXFileReference; lastKnownFileType = sourcecode.swift; path = ProfileViewReactor.swift; sourceTree = "<group>"; };
		F2887FD9264D01130021BDB8 /* ProfileViewController.swift */ = {isa = PBXFileReference; lastKnownFileType = sourcecode.swift; path = ProfileViewController.swift; sourceTree = "<group>"; };
		F2887FDC264D26750021BDB8 /* ProfileHeaderViewReactor.swift */ = {isa = PBXFileReference; lastKnownFileType = sourcecode.swift; path = ProfileHeaderViewReactor.swift; sourceTree = "<group>"; };
		F2887FDD264D26750021BDB8 /* ProfileHeaderView.swift */ = {isa = PBXFileReference; lastKnownFileType = sourcecode.swift; path = ProfileHeaderView.swift; sourceTree = "<group>"; };
		F2887FE3264E53E60021BDB8 /* HomeSectionHeaderView.swift */ = {isa = PBXFileReference; lastKnownFileType = sourcecode.swift; path = HomeSectionHeaderView.swift; sourceTree = "<group>"; };
		F2887FE5264E96400021BDB8 /* TotalAccountViewSection.swift */ = {isa = PBXFileReference; lastKnownFileType = sourcecode.swift; path = TotalAccountViewSection.swift; sourceTree = "<group>"; };
		F2887FE92651EC710021BDB8 /* TotalAccountViewHeader.swift */ = {isa = PBXFileReference; lastKnownFileType = sourcecode.swift; path = TotalAccountViewHeader.swift; sourceTree = "<group>"; };
		F2887FEF26524D120021BDB8 /* AccountHistory.swift */ = {isa = PBXFileReference; lastKnownFileType = sourcecode.swift; path = AccountHistory.swift; sourceTree = "<group>"; };
		F2887FF126527FBE0021BDB8 /* AccountHistoryCell.swift */ = {isa = PBXFileReference; lastKnownFileType = sourcecode.swift; path = AccountHistoryCell.swift; sourceTree = "<group>"; };
		F2887FF42653523D0021BDB8 /* AccountHistoryCellReactor.swift */ = {isa = PBXFileReference; lastKnownFileType = sourcecode.swift; path = AccountHistoryCellReactor.swift; sourceTree = "<group>"; };
		F2887FF7265378140021BDB8 /* AccountViewHeader.swift */ = {isa = PBXFileReference; lastKnownFileType = sourcecode.swift; path = AccountViewHeader.swift; sourceTree = "<group>"; };
		F2887FF9265378D60021BDB8 /* AccountViewHeaderReactor.swift */ = {isa = PBXFileReference; lastKnownFileType = sourcecode.swift; path = AccountViewHeaderReactor.swift; sourceTree = "<group>"; };
		F2887FFB265B2F3D0021BDB8 /* ProfileViewSection.swift */ = {isa = PBXFileReference; lastKnownFileType = sourcecode.swift; path = ProfileViewSection.swift; sourceTree = "<group>"; };
		F2887FFD265B36DB0021BDB8 /* ProfileItemCell.swift */ = {isa = PBXFileReference; lastKnownFileType = sourcecode.swift; path = ProfileItemCell.swift; sourceTree = "<group>"; };
		F2887FFF265B37010021BDB8 /* ProfileItemCellReactor.swift */ = {isa = PBXFileReference; lastKnownFileType = sourcecode.swift; path = ProfileItemCellReactor.swift; sourceTree = "<group>"; };
		F2888001265B41B80021BDB8 /* ProfileAvatarItemCell.swift */ = {isa = PBXFileReference; lastKnownFileType = sourcecode.swift; path = ProfileAvatarItemCell.swift; sourceTree = "<group>"; };
		F2888003265B42FD0021BDB8 /* ProfileAvatarItemCellReactor.swift */ = {isa = PBXFileReference; lastKnownFileType = sourcecode.swift; path = ProfileAvatarItemCellReactor.swift; sourceTree = "<group>"; };
		F2888005265B4FC10021BDB8 /* TransferFlow.swift */ = {isa = PBXFileReference; lastKnownFileType = sourcecode.swift; path = TransferFlow.swift; sourceTree = "<group>"; };
		F2893D4C263D235600801067 /* PassTextField.swift */ = {isa = PBXFileReference; lastKnownFileType = sourcecode.swift; path = PassTextField.swift; sourceTree = "<group>"; };
		F2893D4F263D638E00801067 /* PasswordViewReactor.swift */ = {isa = PBXFileReference; lastKnownFileType = sourcecode.swift; path = PasswordViewReactor.swift; sourceTree = "<group>"; };
		F2893D50263D638E00801067 /* PasswordViewController.swift */ = {isa = PBXFileReference; lastKnownFileType = sourcecode.swift; path = PasswordViewController.swift; sourceTree = "<group>"; };
		F2893D55263D68C600801067 /* PassNumberPad.swift */ = {isa = PBXFileReference; lastKnownFileType = sourcecode.swift; path = PassNumberPad.swift; sourceTree = "<group>"; };
		F2893D57263D69F500801067 /* NumberButton.swift */ = {isa = PBXFileReference; lastKnownFileType = sourcecode.swift; path = NumberButton.swift; sourceTree = "<group>"; };
		F2893D59263D745400801067 /* PassPlainButton.swift */ = {isa = PBXFileReference; lastKnownFileType = sourcecode.swift; path = PassPlainButton.swift; sourceTree = "<group>"; };
		F292C317263B844300E318EE /* UIViewControllerPreview.swift */ = {isa = PBXFileReference; lastKnownFileType = sourcecode.swift; path = UIViewControllerPreview.swift; sourceTree = "<group>"; };
		F292C31C263B84B600E318EE /* UIViewPreview.swift */ = {isa = PBXFileReference; lastKnownFileType = sourcecode.swift; path = UIViewPreview.swift; sourceTree = "<group>"; };
		F2B129EC263E8CF600C96453 /* SecureTextEntry.swift */ = {isa = PBXFileReference; lastKnownFileType = sourcecode.swift; path = SecureTextEntry.swift; sourceTree = "<group>"; };
		F2B129EE263EE9F300C96453 /* HapticFeedback.swift */ = {isa = PBXFileReference; lastKnownFileType = sourcecode.swift; path = HapticFeedback.swift; sourceTree = "<group>"; };
		F2B129F02640E4EB00C96453 /* Message.swift */ = {isa = PBXFileReference; lastKnownFileType = sourcecode.swift; path = Message.swift; sourceTree = "<group>"; };
		F2B129F22641233E00C96453 /* ValidationResult.swift */ = {isa = PBXFileReference; lastKnownFileType = sourcecode.swift; path = ValidationResult.swift; sourceTree = "<group>"; };
		F2B129F526412CA900C96453 /* UIButton+Rx.swift */ = {isa = PBXFileReference; lastKnownFileType = sourcecode.swift; path = "UIButton+Rx.swift"; sourceTree = "<group>"; };
		F2C6AD682643BE09008FCD69 /* HomeViewReactor.swift */ = {isa = PBXFileReference; lastKnownFileType = sourcecode.swift; path = HomeViewReactor.swift; sourceTree = "<group>"; };
		F2C6AD692643BE09008FCD69 /* HomeViewController.swift */ = {isa = PBXFileReference; lastKnownFileType = sourcecode.swift; path = HomeViewController.swift; sourceTree = "<group>"; };
		F2D2FB86265B552D0010731F /* TransferDestinationViewReactor.swift */ = {isa = PBXFileReference; lastKnownFileType = sourcecode.swift; path = TransferDestinationViewReactor.swift; sourceTree = "<group>"; };
		F2D2FB87265B552D0010731F /* TransferDestinationViewController.swift */ = {isa = PBXFileReference; lastKnownFileType = sourcecode.swift; path = TransferDestinationViewController.swift; sourceTree = "<group>"; };
		F2D2FB96265B96500010731F /* KeyboardTopButton.swift */ = {isa = PBXFileReference; lastKnownFileType = sourcecode.swift; path = KeyboardTopButton.swift; sourceTree = "<group>"; };
		F2D2FB9E265BC88F0010731F /* BankListViewReactor.swift */ = {isa = PBXFileReference; lastKnownFileType = sourcecode.swift; path = BankListViewReactor.swift; sourceTree = "<group>"; };
		F2D2FB9F265BC88F0010731F /* BankListViewController.swift */ = {isa = PBXFileReference; lastKnownFileType = sourcecode.swift; path = BankListViewController.swift; sourceTree = "<group>"; };
		F2D2FBA5265C81880010731F /* BaseCollectionViewCell.swift */ = {isa = PBXFileReference; lastKnownFileType = sourcecode.swift; path = BaseCollectionViewCell.swift; sourceTree = "<group>"; };
		F2D2FBA7265C82770010731F /* BankListCell.swift */ = {isa = PBXFileReference; lastKnownFileType = sourcecode.swift; path = BankListCell.swift; sourceTree = "<group>"; };
		F2D2FBA9265C82940010731F /* BankListCellReactor.swift */ = {isa = PBXFileReference; lastKnownFileType = sourcecode.swift; path = BankListCellReactor.swift; sourceTree = "<group>"; };
		F2D2FBAB265C88910010731F /* BankListViewSection.swift */ = {isa = PBXFileReference; lastKnownFileType = sourcecode.swift; path = BankListViewSection.swift; sourceTree = "<group>"; };
		F2D2FBAE265CBAB90010731F /* TransferAmountViewReactor.swift */ = {isa = PBXFileReference; lastKnownFileType = sourcecode.swift; path = TransferAmountViewReactor.swift; sourceTree = "<group>"; };
		F2D2FBAF265CBAB90010731F /* TransferAmountViewController.swift */ = {isa = PBXFileReference; lastKnownFileType = sourcecode.swift; path = TransferAmountViewController.swift; sourceTree = "<group>"; };
		F2D2FBB2265CC5DE0010731F /* AnimationLabel.swift */ = {isa = PBXFileReference; lastKnownFileType = sourcecode.swift; path = AnimationLabel.swift; sourceTree = "<group>"; };
		F2D2FBB4265DC7C40010731F /* UIView.swift */ = {isa = PBXFileReference; lastKnownFileType = sourcecode.swift; path = UIView.swift; sourceTree = "<group>"; };
		F2D2FBDF2665FB9E0010731F /* TransferCheckViewReactor.swift */ = {isa = PBXFileReference; lastKnownFileType = sourcecode.swift; path = TransferCheckViewReactor.swift; sourceTree = "<group>"; };
		F2D2FBE02665FB9E0010731F /* TransferCheckViewController.swift */ = {isa = PBXFileReference; lastKnownFileType = sourcecode.swift; path = TransferCheckViewController.swift; sourceTree = "<group>"; };
		F2D2FBE42667003E0010731F /* AddAccountFlow.swift */ = {isa = PBXFileReference; lastKnownFileType = sourcecode.swift; path = AddAccountFlow.swift; sourceTree = "<group>"; };
		F2D2FBE6266701F80010731F /* BankCheckListViewController.swift */ = {isa = PBXFileReference; lastKnownFileType = sourcecode.swift; path = BankCheckListViewController.swift; sourceTree = "<group>"; };
		F2D2FBE926670B550010731F /* InputAccountNumberViewReactor.swift */ = {isa = PBXFileReference; lastKnownFileType = sourcecode.swift; path = InputAccountNumberViewReactor.swift; sourceTree = "<group>"; };
		F2D2FBEA26670B550010731F /* InputAccountNumberViewController.swift */ = {isa = PBXFileReference; lastKnownFileType = sourcecode.swift; path = InputAccountNumberViewController.swift; sourceTree = "<group>"; };
		F2D2FBED266725360010731F /* SettingItemCell.swift */ = {isa = PBXFileReference; lastKnownFileType = sourcecode.swift; path = SettingItemCell.swift; sourceTree = "<group>"; };
		F2D2FBEF2667255E0010731F /* SettingItemCellReactor.swift */ = {isa = PBXFileReference; lastKnownFileType = sourcecode.swift; path = SettingItemCellReactor.swift; sourceTree = "<group>"; };
		F2D2FBF1266726350010731F /* SettingsViewSection.swift */ = {isa = PBXFileReference; lastKnownFileType = sourcecode.swift; path = SettingsViewSection.swift; sourceTree = "<group>"; };
		F2D2FBF42667306A0010731F /* VersionViewReactor.swift */ = {isa = PBXFileReference; lastKnownFileType = sourcecode.swift; path = VersionViewReactor.swift; sourceTree = "<group>"; };
		F2D2FBF52667306A0010731F /* VersionViewController.swift */ = {isa = PBXFileReference; lastKnownFileType = sourcecode.swift; path = VersionViewController.swift; sourceTree = "<group>"; };
		F2E213462639404600B79C4E /* CGFloatLiteral.swift */ = {isa = PBXFileReference; lastKnownFileType = sourcecode.swift; path = CGFloatLiteral.swift; sourceTree = "<group>"; };
		F2E2134E2639420200B79C4E /* IntroViewReactor.swift */ = {isa = PBXFileReference; lastKnownFileType = sourcecode.swift; path = IntroViewReactor.swift; sourceTree = "<group>"; };
		F2E2134F2639420200B79C4E /* IntroViewController.swift */ = {isa = PBXFileReference; lastKnownFileType = sourcecode.swift; path = IntroViewController.swift; sourceTree = "<group>"; };
		F2E4B9BE261AE12100632221 /* Network.swift */ = {isa = PBXFileReference; lastKnownFileType = sourcecode.swift; path = Network.swift; sourceTree = "<group>"; };
		F2E4B9C4261AE2EA00632221 /* RequestLoggingPlugin.swift */ = {isa = PBXFileReference; lastKnownFileType = sourcecode.swift; path = RequestLoggingPlugin.swift; sourceTree = "<group>"; };
		F2E4B9CC261AE5A800632221 /* PassAPI.swift */ = {isa = PBXFileReference; lastKnownFileType = sourcecode.swift; path = PassAPI.swift; sourceTree = "<group>"; };
		F2E4B9D1261AE66400632221 /* User.swift */ = {isa = PBXFileReference; lastKnownFileType = sourcecode.swift; path = User.swift; sourceTree = "<group>"; };
		F2E4B9D6261AE76D00632221 /* ModelType.swift */ = {isa = PBXFileReference; lastKnownFileType = sourcecode.swift; path = ModelType.swift; sourceTree = "<group>"; };
		F2E4B9FA261AE97F00632221 /* ModelStream.swift */ = {isa = PBXFileReference; lastKnownFileType = sourcecode.swift; path = ModelStream.swift; sourceTree = "<group>"; };
		F2E4BA14261B2AEC00632221 /* UserService.swift */ = {isa = PBXFileReference; lastKnownFileType = sourcecode.swift; path = UserService.swift; sourceTree = "<group>"; };
		F2E4BA40261C2B3500632221 /* AppServices.swift */ = {isa = PBXFileReference; lastKnownFileType = sourcecode.swift; path = AppServices.swift; sourceTree = "<group>"; };
/* End PBXFileReference section */

/* Begin PBXFrameworksBuildPhase section */
		F22B238225FF2F3B003AAD9D /* Frameworks */ = {
			isa = PBXFrameworksBuildPhase;
			buildActionMask = 2147483647;
			files = (
				CB5E33C1BFF684794F234201 /* Pods_Pass.framework in Frameworks */,
			);
			runOnlyForDeploymentPostprocessing = 0;
		};
		F22B23AE26021F33003AAD9D /* Frameworks */ = {
			isa = PBXFrameworksBuildPhase;
			buildActionMask = 2147483647;
			files = (
				F6990AF53FD20288CCAE2944 /* Pods_Pass_PassTests.framework in Frameworks */,
			);
			runOnlyForDeploymentPostprocessing = 0;
		};
		F22B23BE26021F4C003AAD9D /* Frameworks */ = {
			isa = PBXFrameworksBuildPhase;
			buildActionMask = 2147483647;
			files = (
			);
			runOnlyForDeploymentPostprocessing = 0;
		};
/* End PBXFrameworksBuildPhase section */

/* Begin PBXGroup section */
		0D48BE662026593FBC6670DA /* Pods */ = {
			isa = PBXGroup;
			children = (
				C41DACDB08774A68478AC17E /* Pods-Pass.debug.xcconfig */,
				B5F9964E65DBB3584ED41F19 /* Pods-Pass.release.xcconfig */,
				18404FF48D49149D3DC21601 /* Pods-PassTests.debug.xcconfig */,
				BB94F703A44CECA3543A16E2 /* Pods-PassTests.release.xcconfig */,
				05C38D4BEA2A1E36C83468A8 /* Pods-Pass-PassTests.debug.xcconfig */,
				AED073430E75238D505012B6 /* Pods-Pass-PassTests.release.xcconfig */,
			);
			path = Pods;
			sourceTree = "<group>";
		};
		8DD1E188D36D6C7C5657D3D3 /* Frameworks */ = {
			isa = PBXGroup;
			children = (
				7128CBC35D2FE2C9F379A5FB /* Pods_Pass.framework */,
				316EB235B0A1F9CA73A36DE9 /* Pods_Pass_PassTests.framework */,
			);
			name = Frameworks;
			sourceTree = "<group>";
		};
		F22B237C25FF2F3B003AAD9D = {
			isa = PBXGroup;
			children = (
				F22B238725FF2F3B003AAD9D /* Pass */,
				F22B23B226021F33003AAD9D /* PassTests */,
				F22B23C226021F4C003AAD9D /* PassUITests */,
				F22B238625FF2F3B003AAD9D /* Products */,
				0D48BE662026593FBC6670DA /* Pods */,
				8DD1E188D36D6C7C5657D3D3 /* Frameworks */,
			);
			sourceTree = "<group>";
		};
		F22B238625FF2F3B003AAD9D /* Products */ = {
			isa = PBXGroup;
			children = (
				F22B238525FF2F3B003AAD9D /* Pass.app */,
				F22B23B126021F33003AAD9D /* PassTests.xctest */,
				F22B23C126021F4C003AAD9D /* PassUITests.xctest */,
			);
			name = Products;
			sourceTree = "<group>";
		};
		F22B238725FF2F3B003AAD9D /* Pass */ = {
			isa = PBXGroup;
			children = (
				F25B016026042E9000EBF7F0 /* Preview.swift */,
				F25E3B2D260429A0009E4FCD /* Source */,
				F25B014D260429E700EBF7F0 /* Resource */,
				F25B015926042DA300EBF7F0 /* SupportingFile */,
			);
			path = Pass;
			sourceTree = "<group>";
		};
		F22B23B226021F33003AAD9D /* PassTests */ = {
			isa = PBXGroup;
			children = (
				F22B23B326021F33003AAD9D /* PassTests.swift */,
				F22B23B526021F33003AAD9D /* Info.plist */,
			);
			path = PassTests;
			sourceTree = "<group>";
		};
		F22B23C226021F4C003AAD9D /* PassUITests */ = {
			isa = PBXGroup;
			children = (
				F22B23C326021F4C003AAD9D /* PassUITests.swift */,
				F22B23C526021F4C003AAD9D /* Info.plist */,
			);
			path = PassUITests;
			sourceTree = "<group>";
		};
		F2350AAA26368BD3000C523B /* API */ = {
			isa = PBXGroup;
			children = (
				F2350AAB26368BEC000C523B /* BaseAPI.swift */,
				F2350AB326368BF8000C523B /* AuthAPI.swift */,
				F2E4B9CC261AE5A800632221 /* PassAPI.swift */,
			);
			path = API;
			sourceTree = "<group>";
		};
		F2350B052636D1FD000C523B /* MyConsume */ = {
			isa = PBXGroup;
			children = (
				F2350B182636D263000C523B /* MyConsumeViewReactor.swift */,
				F2350B192636D263000C523B /* MyConsumeViewController.swift */,
			);
			path = MyConsume;
			sourceTree = "<group>";
		};
		F2350B062636D205000C523B /* Settings */ = {
			isa = PBXGroup;
			children = (
				F2350B112636D259000C523B /* SettingsViewReactor.swift */,
				F2350B122636D259000C523B /* SettingsViewController.swift */,
			);
			path = Settings;
			sourceTree = "<group>";
		};
		F2350B222636D3E7000C523B /* Intro */ = {
			isa = PBXGroup;
			children = (
				F2E2134E2639420200B79C4E /* IntroViewReactor.swift */,
				F2E2134F2639420200B79C4E /* IntroViewController.swift */,
			);
			path = Intro;
			sourceTree = "<group>";
		};
		F2350B2D2636D4C7000C523B /* Register */ = {
			isa = PBXGroup;
			children = (
				F2350B2E2636D4DA000C523B /* RegisterViewReactor.swift */,
				F2350B2F2636D4DA000C523B /* RegisterViewController.swift */,
			);
			path = Register;
			sourceTree = "<group>";
		};
		F2350B462636E221000C523B /* Flow */ = {
			isa = PBXGroup;
			children = (
				F2350B472636E27D000C523B /* PassStep.swift */,
				F2350B4F2636E289000C523B /* AppFlow.swift */,
				F2350B59263798F3000C523B /* IntroFlow.swift */,
				F2350B6A2637A1E7000C523B /* TabBarFlow.swift */,
				F2350B70263827F7000C523B /* HomeFlow.swift */,
				F2888005265B4FC10021BDB8 /* TransferFlow.swift */,
				F2D2FBE42667003E0010731F /* AddAccountFlow.swift */,
				F2350B7826382803000C523B /* MyConsumeFlow.swift */,
				F2350B7D2638280D000C523B /* SettingsFlow.swift */,
			);
			path = Flow;
			sourceTree = "<group>";
		};
		F25B014D260429E700EBF7F0 /* Resource */ = {
			isa = PBXGroup;
			children = (
				F22B239125FF2F3D003AAD9D /* Assets.xcassets */,
				F280ACA1263B98F400663BFB /* Color.xcassets */,
				F22B239325FF2F3D003AAD9D /* LaunchScreen.storyboard */,
			);
			path = Resource;
			sourceTree = "<group>";
		};
		F25B015926042DA300EBF7F0 /* SupportingFile */ = {
			isa = PBXGroup;
			children = (
				F22B239625FF2F3D003AAD9D /* Info.plist */,
				F2350A9F26368AAB000C523B /* .swiftlint.yml */,
				F2059A9126198A690016AE87 /* R.generated.swift */,
			);
			path = SupportingFile;
			sourceTree = "<group>";
		};
		F25B015A26042DFC00EBF7F0 /* View */ = {
			isa = PBXGroup;
			children = (
				F2887F962648D64D0021BDB8 /* Base */,
				F2D2FBA3265C81320010731F /* TableView */,
				F2D2FBA2265C81270010731F /* CollectionView */,
				F2887FF62653754A0021BDB8 /* HeaderView */,
				F2887FE2264E53B10021BDB8 /* HeaderFooter */,
			);
			path = View;
			sourceTree = "<group>";
		};
		F25B015B26042E0800EBF7F0 /* ViewController */ = {
			isa = PBXGroup;
			children = (
				F2350B8226382CFB000C523B /* TabBarViewController.swift */,
				F25B016826042F9F00EBF7F0 /* BaseViewController.swift */,
				F25B017D260430CB00EBF7F0 /* Splash */,
				F2350B222636D3E7000C523B /* Intro */,
				F28419EA26257AB400A703DD /* Login */,
				F2350B2D2636D4C7000C523B /* Register */,
				F279647A261D873800B77241 /* Password */,
				F2796467261D70F400B77241 /* Home */,
				F2887FD7264D01000021BDB8 /* Profile */,
				F2887FC4264CEA710021BDB8 /* TotalAccount */,
				F2887FC3264CEA6B0021BDB8 /* Account */,
				F2D2FB85265B54D00010731F /* TransferDestination */,
				F2D2FBAD265CBA710010731F /* TransferAmount */,
				F2D2FBDE2665FB690010731F /* TransferCheck */,
				F2D2FB9D265BC87E0010731F /* BankList */,
				F2D2FBE826670B250010731F /* InputAccountNumber */,
				F2887FD2264CEC6B0021BDB8 /* AddAccount */,
				F2350B052636D1FD000C523B /* MyConsume */,
				F2350B062636D205000C523B /* Settings */,
				F2D2FBF3266730560010731F /* Version */,
			);
			path = ViewController;
			sourceTree = "<group>";
		};
		F25B015C26042E1600EBF7F0 /* Model */ = {
			isa = PBXGroup;
			children = (
				F2E4B9D6261AE76D00632221 /* ModelType.swift */,
				F2E4B9FA261AE97F00632221 /* ModelStream.swift */,
				F28419DD2625694200A703DD /* Token.swift */,
				F2E4B9D1261AE66400632221 /* User.swift */,
				F2887F992648FE8D0021BDB8 /* BankAccount.swift */,
				F2887F9B2648FF2A0021BDB8 /* Bank.swift */,
				F2887F9F264906520021BDB8 /* TransactionDetail.swift */,
				F2887FEF26524D120021BDB8 /* AccountHistory.swift */,
			);
			path = Model;
			sourceTree = "<group>";
		};
		F25B015D26042E1E00EBF7F0 /* Network */ = {
			isa = PBXGroup;
			children = (
				F2E4B9BE261AE12100632221 /* Network.swift */,
				F2350AAA26368BD3000C523B /* API */,
				F2E4B9C3261AE28700632221 /* Plugin */,
			);
			path = Network;
			sourceTree = "<group>";
		};
		F25B015E26042E2700EBF7F0 /* Util */ = {
			isa = PBXGroup;
			children = (
				F2E213462639404600B79C4E /* CGFloatLiteral.swift */,
				F292C317263B844300E318EE /* UIViewControllerPreview.swift */,
				F292C31C263B84B600E318EE /* UIViewPreview.swift */,
				F2B129EE263EE9F300C96453 /* HapticFeedback.swift */,
				F2B129F02640E4EB00C96453 /* Message.swift */,
				F2B129F22641233E00C96453 /* ValidationResult.swift */,
				F2887FB92649579E0021BDB8 /* UIImageView+Kingfisher.swift */,
			);
			path = Util;
			sourceTree = "<group>";
		};
		F25B015F26042E3400EBF7F0 /* Service */ = {
			isa = PBXGroup;
			children = (
				F2796475261D780E00B77241 /* AuthService.swift */,
				F2E4BA14261B2AEC00632221 /* UserService.swift */,
				F2887F9D2649017B0021BDB8 /* AccountService.swift */,
			);
			path = Service;
			sourceTree = "<group>";
		};
		F25B017D260430CB00EBF7F0 /* Splash */ = {
			isa = PBXGroup;
			children = (
				F25B0178260430C700EBF7F0 /* SplashViewReactor.swift */,
				F25B0173260430AC00EBF7F0 /* SplashViewController.swift */,
			);
			path = Splash;
			sourceTree = "<group>";
		};
		F25E3B2D260429A0009E4FCD /* Source */ = {
			isa = PBXGroup;
			children = (
				F22B238825FF2F3B003AAD9D /* AppDelegate.swift */,
				F2E4BA40261C2B3500632221 /* AppServices.swift */,
				F2350B462636E221000C523B /* Flow */,
				F2887FB02649232A0021BDB8 /* Section */,
				F25B015B26042E0800EBF7F0 /* ViewController */,
				F25B015A26042DFC00EBF7F0 /* View */,
				F25B015C26042E1600EBF7F0 /* Model */,
				F25B015F26042E3400EBF7F0 /* Service */,
				F25B015D26042E1E00EBF7F0 /* Network */,
				F2B129F426412C4B00C96453 /* Extension */,
				F25B015E26042E2700EBF7F0 /* Util */,
			);
			path = Source;
			sourceTree = "<group>";
		};
		F2796467261D70F400B77241 /* Home */ = {
			isa = PBXGroup;
			children = (
				F2C6AD682643BE09008FCD69 /* HomeViewReactor.swift */,
				F2C6AD692643BE09008FCD69 /* HomeViewController.swift */,
			);
			path = Home;
			sourceTree = "<group>";
		};
		F279647A261D873800B77241 /* Password */ = {
			isa = PBXGroup;
			children = (
				F2893D4F263D638E00801067 /* PasswordViewReactor.swift */,
				F2893D50263D638E00801067 /* PasswordViewController.swift */,
			);
			path = Password;
			sourceTree = "<group>";
		};
		F28419EA26257AB400A703DD /* Login */ = {
			isa = PBXGroup;
			children = (
				F268504F263C23930047A5B0 /* LoginViewReactor.swift */,
				F2685050263C23930047A5B0 /* LoginViewController.swift */,
			);
			path = Login;
			sourceTree = "<group>";
		};
		F2887F962648D64D0021BDB8 /* Base */ = {
			isa = PBXGroup;
			children = (
				F2887FBD264A58F80021BDB8 /* RefreshControl.swift */,
				F2893D4C263D235600801067 /* PassTextField.swift */,
				F2893D55263D68C600801067 /* PassNumberPad.swift */,
				F2893D57263D69F500801067 /* NumberButton.swift */,
				F2893D59263D745400801067 /* PassPlainButton.swift */,
				F2B129EC263E8CF600C96453 /* SecureTextEntry.swift */,
				F2D2FB96265B96500010731F /* KeyboardTopButton.swift */,
				F2D2FBB2265CC5DE0010731F /* AnimationLabel.swift */,
			);
			path = Base;
			sourceTree = "<group>";
		};
		F2887FB02649232A0021BDB8 /* Section */ = {
			isa = PBXGroup;
			children = (
				F2887FB1264923710021BDB8 /* HomeViewSection.swift */,
				F2887FE5264E96400021BDB8 /* TotalAccountViewSection.swift */,
				F2887FFB265B2F3D0021BDB8 /* ProfileViewSection.swift */,
				F2D2FBAB265C88910010731F /* BankListViewSection.swift */,
				F2D2FBF1266726350010731F /* SettingsViewSection.swift */,
			);
			path = Section;
			sourceTree = "<group>";
		};
		F2887FC3264CEA6B0021BDB8 /* Account */ = {
			isa = PBXGroup;
			children = (
				F2887FCE264CEC1B0021BDB8 /* AccountViewReactor.swift */,
				F2887FCF264CEC1B0021BDB8 /* AccountViewController.swift */,
			);
			path = Account;
			sourceTree = "<group>";
		};
		F2887FC4264CEA710021BDB8 /* TotalAccount */ = {
			isa = PBXGroup;
			children = (
				F2887FCA264CEC130021BDB8 /* TotalAccountViewReactor.swift */,
				F2887FCB264CEC130021BDB8 /* TotalAccountViewController.swift */,
			);
			path = TotalAccount;
			sourceTree = "<group>";
		};
		F2887FD2264CEC6B0021BDB8 /* AddAccount */ = {
			isa = PBXGroup;
			children = (
				F2887FD3264CEC7E0021BDB8 /* AddAccountViewReactor.swift */,
				F2887FD4264CEC7E0021BDB8 /* AddAccountViewController.swift */,
			);
			path = AddAccount;
			sourceTree = "<group>";
		};
		F2887FD7264D01000021BDB8 /* Profile */ = {
			isa = PBXGroup;
			children = (
				F2887FD8264D01130021BDB8 /* ProfileViewReactor.swift */,
				F2887FD9264D01130021BDB8 /* ProfileViewController.swift */,
			);
			path = Profile;
			sourceTree = "<group>";
		};
		F2887FE2264E53B10021BDB8 /* HeaderFooter */ = {
			isa = PBXGroup;
			children = (
				F2887FE3264E53E60021BDB8 /* HomeSectionHeaderView.swift */,
			);
			path = HeaderFooter;
			sourceTree = "<group>";
		};
		F2887FF62653754A0021BDB8 /* HeaderView */ = {
			isa = PBXGroup;
			children = (
				F2887FDC264D26750021BDB8 /* ProfileHeaderViewReactor.swift */,
				F2887FDD264D26750021BDB8 /* ProfileHeaderView.swift */,
				F2887FE92651EC710021BDB8 /* TotalAccountViewHeader.swift */,
				F2887FF9265378D60021BDB8 /* AccountViewHeaderReactor.swift */,
				F2887FF7265378140021BDB8 /* AccountViewHeader.swift */,
			);
			path = HeaderView;
			sourceTree = "<group>";
		};
		F2B129F426412C4B00C96453 /* Extension */ = {
			isa = PBXGroup;
			children = (
				F2685032263BE3B50047A5B0 /* String.swift */,
				F2B129F526412CA900C96453 /* UIButton+Rx.swift */,
				F2887FBF264BF0910021BDB8 /* UIInt.swift */,
				F2887FC1264CE5730021BDB8 /* UITableView+Rx.swift */,
				F2D2FBB4265DC7C40010731F /* UIView.swift */,
			);
			path = Extension;
			sourceTree = "<group>";
		};
		F2D2FB85265B54D00010731F /* TransferDestination */ = {
			isa = PBXGroup;
			children = (
				F2D2FB86265B552D0010731F /* TransferDestinationViewReactor.swift */,
				F2D2FB87265B552D0010731F /* TransferDestinationViewController.swift */,
			);
			path = TransferDestination;
			sourceTree = "<group>";
		};
		F2D2FB9D265BC87E0010731F /* BankList */ = {
			isa = PBXGroup;
			children = (
				F2D2FB9E265BC88F0010731F /* BankListViewReactor.swift */,
				F2D2FB9F265BC88F0010731F /* BankListViewController.swift */,
				F2D2FBE6266701F80010731F /* BankCheckListViewController.swift */,
			);
			path = BankList;
			sourceTree = "<group>";
		};
		F2D2FBA2265C81270010731F /* CollectionView */ = {
			isa = PBXGroup;
			children = (
				F2D2FBA5265C81880010731F /* BaseCollectionViewCell.swift */,
				F2D2FBA7265C82770010731F /* BankListCell.swift */,
				F2D2FBA9265C82940010731F /* BankListCellReactor.swift */,
			);
			path = CollectionView;
			sourceTree = "<group>";
		};
		F2D2FBA3265C81320010731F /* TableView */ = {
			isa = PBXGroup;
			children = (
				F2887FAE264910340021BDB8 /* BaseTableViewCell.swift */,
				F2887FB326494D6C0021BDB8 /* TotalAccountCell.swift */,
				F2887FB526494E320021BDB8 /* TotalAccountCellReactor.swift */,
				F2887FA826490E1B0021BDB8 /* AccountCell.swift */,
				F2887FB7264954910021BDB8 /* AccountCellReactor.swift */,
				F2887FAC26490E8F0021BDB8 /* AddAccountCell.swift */,
				F2887FF126527FBE0021BDB8 /* AccountHistoryCell.swift */,
				F2887FF42653523D0021BDB8 /* AccountHistoryCellReactor.swift */,
				F2887FFD265B36DB0021BDB8 /* ProfileItemCell.swift */,
				F2887FFF265B37010021BDB8 /* ProfileItemCellReactor.swift */,
				F2888001265B41B80021BDB8 /* ProfileAvatarItemCell.swift */,
				F2888003265B42FD0021BDB8 /* ProfileAvatarItemCellReactor.swift */,
				F2D2FBED266725360010731F /* SettingItemCell.swift */,
				F2D2FBEF2667255E0010731F /* SettingItemCellReactor.swift */,
			);
			path = TableView;
			sourceTree = "<group>";
		};
		F2D2FBAD265CBA710010731F /* TransferAmount */ = {
			isa = PBXGroup;
			children = (
				F2D2FBAE265CBAB90010731F /* TransferAmountViewReactor.swift */,
				F2D2FBAF265CBAB90010731F /* TransferAmountViewController.swift */,
			);
			path = TransferAmount;
			sourceTree = "<group>";
		};
		F2D2FBDE2665FB690010731F /* TransferCheck */ = {
			isa = PBXGroup;
			children = (
				F2D2FBDF2665FB9E0010731F /* TransferCheckViewReactor.swift */,
				F2D2FBE02665FB9E0010731F /* TransferCheckViewController.swift */,
			);
			path = TransferCheck;
			sourceTree = "<group>";
		};
		F2D2FBE826670B250010731F /* InputAccountNumber */ = {
			isa = PBXGroup;
			children = (
				F2D2FBE926670B550010731F /* InputAccountNumberViewReactor.swift */,
				F2D2FBEA26670B550010731F /* InputAccountNumberViewController.swift */,
			);
			path = InputAccountNumber;
			sourceTree = "<group>";
		};
		F2D2FBF3266730560010731F /* Version */ = {
			isa = PBXGroup;
			children = (
				F2D2FBF42667306A0010731F /* VersionViewReactor.swift */,
				F2D2FBF52667306A0010731F /* VersionViewController.swift */,
			);
			path = Version;
			sourceTree = "<group>";
		};
		F2E4B9C3261AE28700632221 /* Plugin */ = {
			isa = PBXGroup;
			children = (
				F2E4B9C4261AE2EA00632221 /* RequestLoggingPlugin.swift */,
				F2350ABB26368C21000C523B /* AuthPlugin.swift */,
			);
			path = Plugin;
			sourceTree = "<group>";
		};
/* End PBXGroup section */

/* Begin PBXNativeTarget section */
		F22B238425FF2F3B003AAD9D /* Pass */ = {
			isa = PBXNativeTarget;
			buildConfigurationList = F22B239925FF2F3D003AAD9D /* Build configuration list for PBXNativeTarget "Pass" */;
			buildPhases = (
				DC603DF01336A109F9FC74BB /* [CP] Check Pods Manifest.lock */,
				F2059A852619873C0016AE87 /* R.swift */,
				F2059A5526173F6D0016AE87 /* SwiftLint */,
				F22B238125FF2F3B003AAD9D /* Sources */,
				F22B238225FF2F3B003AAD9D /* Frameworks */,
				F22B238325FF2F3B003AAD9D /* Resources */,
				1AAA04516B7310197EBB0F5C /* [CP] Embed Pods Frameworks */,
			);
			buildRules = (
			);
			dependencies = (
			);
			name = Pass;
			productName = Pass;
			productReference = F22B238525FF2F3B003AAD9D /* Pass.app */;
			productType = "com.apple.product-type.application";
		};
		F22B23B026021F33003AAD9D /* PassTests */ = {
			isa = PBXNativeTarget;
			buildConfigurationList = F22B23BA26021F33003AAD9D /* Build configuration list for PBXNativeTarget "PassTests" */;
			buildPhases = (
				E53B280B95EE3A9EA91226C2 /* [CP] Check Pods Manifest.lock */,
				F22B23AD26021F33003AAD9D /* Sources */,
				F22B23AE26021F33003AAD9D /* Frameworks */,
				F22B23AF26021F33003AAD9D /* Resources */,
				8478D9FD3F1F7A44D8EA4992 /* [CP] Embed Pods Frameworks */,
			);
			buildRules = (
			);
			dependencies = (
				F22B23B726021F33003AAD9D /* PBXTargetDependency */,
			);
			name = PassTests;
			productName = PassTests;
			productReference = F22B23B126021F33003AAD9D /* PassTests.xctest */;
			productType = "com.apple.product-type.bundle.unit-test";
		};
		F22B23C026021F4C003AAD9D /* PassUITests */ = {
			isa = PBXNativeTarget;
			buildConfigurationList = F22B23C826021F4C003AAD9D /* Build configuration list for PBXNativeTarget "PassUITests" */;
			buildPhases = (
				F22B23BD26021F4C003AAD9D /* Sources */,
				F22B23BE26021F4C003AAD9D /* Frameworks */,
				F22B23BF26021F4C003AAD9D /* Resources */,
			);
			buildRules = (
			);
			dependencies = (
				F22B23C726021F4C003AAD9D /* PBXTargetDependency */,
			);
			name = PassUITests;
			productName = PassUITests;
			productReference = F22B23C126021F4C003AAD9D /* PassUITests.xctest */;
			productType = "com.apple.product-type.bundle.ui-testing";
		};
/* End PBXNativeTarget section */

/* Begin PBXProject section */
		F22B237D25FF2F3B003AAD9D /* Project object */ = {
			isa = PBXProject;
			attributes = {
				LastSwiftUpdateCheck = 1240;
				LastUpgradeCheck = 1240;
				TargetAttributes = {
					F22B238425FF2F3B003AAD9D = {
						CreatedOnToolsVersion = 12.4;
					};
					F22B23B026021F33003AAD9D = {
						CreatedOnToolsVersion = 12.4;
						TestTargetID = F22B238425FF2F3B003AAD9D;
					};
					F22B23C026021F4C003AAD9D = {
						CreatedOnToolsVersion = 12.4;
						TestTargetID = F22B238425FF2F3B003AAD9D;
					};
				};
			};
			buildConfigurationList = F22B238025FF2F3B003AAD9D /* Build configuration list for PBXProject "Pass" */;
			compatibilityVersion = "Xcode 9.3";
			developmentRegion = en;
			hasScannedForEncodings = 0;
			knownRegions = (
				en,
				Base,
			);
			mainGroup = F22B237C25FF2F3B003AAD9D;
			productRefGroup = F22B238625FF2F3B003AAD9D /* Products */;
			projectDirPath = "";
			projectRoot = "";
			targets = (
				F22B238425FF2F3B003AAD9D /* Pass */,
				F22B23B026021F33003AAD9D /* PassTests */,
				F22B23C026021F4C003AAD9D /* PassUITests */,
			);
		};
/* End PBXProject section */

/* Begin PBXResourcesBuildPhase section */
		F22B238325FF2F3B003AAD9D /* Resources */ = {
			isa = PBXResourcesBuildPhase;
			buildActionMask = 2147483647;
			files = (
				F2350AA026368AAB000C523B /* .swiftlint.yml in Resources */,
				F280ACA2263B98F400663BFB /* Color.xcassets in Resources */,
				F22B239525FF2F3D003AAD9D /* LaunchScreen.storyboard in Resources */,
				F22B239225FF2F3D003AAD9D /* Assets.xcassets in Resources */,
			);
			runOnlyForDeploymentPostprocessing = 0;
		};
		F22B23AF26021F33003AAD9D /* Resources */ = {
			isa = PBXResourcesBuildPhase;
			buildActionMask = 2147483647;
			files = (
			);
			runOnlyForDeploymentPostprocessing = 0;
		};
		F22B23BF26021F4C003AAD9D /* Resources */ = {
			isa = PBXResourcesBuildPhase;
			buildActionMask = 2147483647;
			files = (
			);
			runOnlyForDeploymentPostprocessing = 0;
		};
/* End PBXResourcesBuildPhase section */

/* Begin PBXShellScriptBuildPhase section */
		1AAA04516B7310197EBB0F5C /* [CP] Embed Pods Frameworks */ = {
			isa = PBXShellScriptBuildPhase;
			buildActionMask = 2147483647;
			files = (
			);
			inputFileListPaths = (
				"${PODS_ROOT}/Target Support Files/Pods-Pass/Pods-Pass-frameworks-${CONFIGURATION}-input-files.xcfilelist",
			);
			name = "[CP] Embed Pods Frameworks";
			outputFileListPaths = (
				"${PODS_ROOT}/Target Support Files/Pods-Pass/Pods-Pass-frameworks-${CONFIGURATION}-output-files.xcfilelist",
			);
			runOnlyForDeploymentPostprocessing = 0;
			shellPath = /bin/sh;
			shellScript = "\"${PODS_ROOT}/Target Support Files/Pods-Pass/Pods-Pass-frameworks.sh\"\n";
			showEnvVarsInLog = 0;
		};
		8478D9FD3F1F7A44D8EA4992 /* [CP] Embed Pods Frameworks */ = {
			isa = PBXShellScriptBuildPhase;
			buildActionMask = 2147483647;
			files = (
			);
			inputFileListPaths = (
				"${PODS_ROOT}/Target Support Files/Pods-Pass-PassTests/Pods-Pass-PassTests-frameworks-${CONFIGURATION}-input-files.xcfilelist",
			);
			name = "[CP] Embed Pods Frameworks";
			outputFileListPaths = (
				"${PODS_ROOT}/Target Support Files/Pods-Pass-PassTests/Pods-Pass-PassTests-frameworks-${CONFIGURATION}-output-files.xcfilelist",
			);
			runOnlyForDeploymentPostprocessing = 0;
			shellPath = /bin/sh;
			shellScript = "\"${PODS_ROOT}/Target Support Files/Pods-Pass-PassTests/Pods-Pass-PassTests-frameworks.sh\"\n";
			showEnvVarsInLog = 0;
		};
		DC603DF01336A109F9FC74BB /* [CP] Check Pods Manifest.lock */ = {
			isa = PBXShellScriptBuildPhase;
			buildActionMask = 2147483647;
			files = (
			);
			inputFileListPaths = (
			);
			inputPaths = (
				"${PODS_PODFILE_DIR_PATH}/Podfile.lock",
				"${PODS_ROOT}/Manifest.lock",
			);
			name = "[CP] Check Pods Manifest.lock";
			outputFileListPaths = (
			);
			outputPaths = (
				"$(DERIVED_FILE_DIR)/Pods-Pass-checkManifestLockResult.txt",
			);
			runOnlyForDeploymentPostprocessing = 0;
			shellPath = /bin/sh;
			shellScript = "diff \"${PODS_PODFILE_DIR_PATH}/Podfile.lock\" \"${PODS_ROOT}/Manifest.lock\" > /dev/null\nif [ $? != 0 ] ; then\n    # print error to STDERR\n    echo \"error: The sandbox is not in sync with the Podfile.lock. Run 'pod install' or update your CocoaPods installation.\" >&2\n    exit 1\nfi\n# This output is used by Xcode 'outputs' to avoid re-running this script phase.\necho \"SUCCESS\" > \"${SCRIPT_OUTPUT_FILE_0}\"\n";
			showEnvVarsInLog = 0;
		};
		E53B280B95EE3A9EA91226C2 /* [CP] Check Pods Manifest.lock */ = {
			isa = PBXShellScriptBuildPhase;
			buildActionMask = 2147483647;
			files = (
			);
			inputFileListPaths = (
			);
			inputPaths = (
				"${PODS_PODFILE_DIR_PATH}/Podfile.lock",
				"${PODS_ROOT}/Manifest.lock",
			);
			name = "[CP] Check Pods Manifest.lock";
			outputFileListPaths = (
			);
			outputPaths = (
				"$(DERIVED_FILE_DIR)/Pods-Pass-PassTests-checkManifestLockResult.txt",
			);
			runOnlyForDeploymentPostprocessing = 0;
			shellPath = /bin/sh;
			shellScript = "diff \"${PODS_PODFILE_DIR_PATH}/Podfile.lock\" \"${PODS_ROOT}/Manifest.lock\" > /dev/null\nif [ $? != 0 ] ; then\n    # print error to STDERR\n    echo \"error: The sandbox is not in sync with the Podfile.lock. Run 'pod install' or update your CocoaPods installation.\" >&2\n    exit 1\nfi\n# This output is used by Xcode 'outputs' to avoid re-running this script phase.\necho \"SUCCESS\" > \"${SCRIPT_OUTPUT_FILE_0}\"\n";
			showEnvVarsInLog = 0;
		};
		F2059A5526173F6D0016AE87 /* SwiftLint */ = {
			isa = PBXShellScriptBuildPhase;
			buildActionMask = 2147483647;
			files = (
			);
			inputFileListPaths = (
			);
			inputPaths = (
			);
			name = SwiftLint;
			outputFileListPaths = (
			);
			outputPaths = (
			);
			runOnlyForDeploymentPostprocessing = 0;
			shellPath = /bin/sh;
			shellScript = "${PODS_ROOT}/SwiftLint/swiftlint\n";
		};
		F2059A852619873C0016AE87 /* R.swift */ = {
			isa = PBXShellScriptBuildPhase;
			buildActionMask = 2147483647;
			files = (
			);
			inputFileListPaths = (
			);
			inputPaths = (
				"$TEMP_DIR/rswift-lastrun",
			);
			name = R.swift;
			outputFileListPaths = (
			);
			outputPaths = (
				$SRCROOT/R.generated.swift,
			);
			runOnlyForDeploymentPostprocessing = 0;
			shellPath = /bin/sh;
			shellScript = "\"$PODS_ROOT/R.swift/rswift\" generate \"$SRCROOT/R.generated.swift\"\n";
		};
/* End PBXShellScriptBuildPhase section */

/* Begin PBXSourcesBuildPhase section */
		F22B238125FF2F3B003AAD9D /* Sources */ = {
			isa = PBXSourcesBuildPhase;
			buildActionMask = 2147483647;
			files = (
				F2887FCC264CEC130021BDB8 /* TotalAccountViewReactor.swift in Sources */,
				F2888006265B4FC10021BDB8 /* TransferFlow.swift in Sources */,
				F2350B132636D259000C523B /* SettingsViewReactor.swift in Sources */,
				F2893D4E263D235600801067 /* PassTextField.swift in Sources */,
				F2350ABC26368C21000C523B /* AuthPlugin.swift in Sources */,
				F2887FD6264CEC7E0021BDB8 /* AddAccountViewController.swift in Sources */,
				F2B129F626412CA900C96453 /* UIButton+Rx.swift in Sources */,
				F2887FDB264D01130021BDB8 /* ProfileViewController.swift in Sources */,
				F2887FAF264910340021BDB8 /* BaseTableViewCell.swift in Sources */,
				F25B0179260430C700EBF7F0 /* SplashViewReactor.swift in Sources */,
				F25B016126042E9000EBF7F0 /* Preview.swift in Sources */,
				F2887FB426494D6C0021BDB8 /* TotalAccountCell.swift in Sources */,
				F2893D5A263D745400801067 /* PassPlainButton.swift in Sources */,
				F2887FCD264CEC130021BDB8 /* TotalAccountViewController.swift in Sources */,
				F2887FBE264A58F80021BDB8 /* RefreshControl.swift in Sources */,
				F2D2FBF72667306A0010731F /* VersionViewController.swift in Sources */,
				F2887FC0264BF0910021BDB8 /* UIInt.swift in Sources */,
				F2D2FBF02667255E0010731F /* SettingItemCellReactor.swift in Sources */,
				F2B129ED263E8CF600C96453 /* SecureTextEntry.swift in Sources */,
				F2D2FB88265B552D0010731F /* TransferDestinationViewReactor.swift in Sources */,
				F2887FD0264CEC1B0021BDB8 /* AccountViewReactor.swift in Sources */,
				F2D2FBAA265C82940010731F /* BankListCellReactor.swift in Sources */,
				F2350B482636E27D000C523B /* PassStep.swift in Sources */,
				F2685051263C23930047A5B0 /* LoginViewReactor.swift in Sources */,
				F2B129F12640E4EB00C96453 /* Message.swift in Sources */,
				F292C31D263B84B600E318EE /* UIViewPreview.swift in Sources */,
				F2893D58263D69F500801067 /* NumberButton.swift in Sources */,
				F2888000265B37010021BDB8 /* ProfileItemCellReactor.swift in Sources */,
				F2D2FBB5265DC7C40010731F /* UIView.swift in Sources */,
				F2059A9226198A690016AE87 /* R.generated.swift in Sources */,
				F2D2FBA1265BC88F0010731F /* BankListViewController.swift in Sources */,
				F2796476261D780E00B77241 /* AuthService.swift in Sources */,
				F2D2FBEB26670B550010731F /* InputAccountNumberViewReactor.swift in Sources */,
				F2D2FBE22665FB9E0010731F /* TransferCheckViewController.swift in Sources */,
				F2E4B9C5261AE2EA00632221 /* RequestLoggingPlugin.swift in Sources */,
				F2887FF026524D120021BDB8 /* AccountHistory.swift in Sources */,
				F292C318263B844300E318EE /* UIViewControllerPreview.swift in Sources */,
				F2E213512639420200B79C4E /* IntroViewController.swift in Sources */,
				F2685033263BE3B50047A5B0 /* String.swift in Sources */,
				F2E213472639404600B79C4E /* CGFloatLiteral.swift in Sources */,
				F2D2FBEC26670B550010731F /* InputAccountNumberViewController.swift in Sources */,
				F2887FDE264D26750021BDB8 /* ProfileHeaderViewReactor.swift in Sources */,
				F2887FFA265378D60021BDB8 /* AccountViewHeaderReactor.swift in Sources */,
				F2887FE6264E96400021BDB8 /* TotalAccountViewSection.swift in Sources */,
				F2D2FBA0265BC88F0010731F /* BankListViewReactor.swift in Sources */,
				F2E4B9CD261AE5A800632221 /* PassAPI.swift in Sources */,
				F2350B8326382CFB000C523B /* TabBarViewController.swift in Sources */,
				F2887FDA264D01130021BDB8 /* ProfileViewReactor.swift in Sources */,
				F2887FAD26490E8F0021BDB8 /* AddAccountCell.swift in Sources */,
				F2887F9C2648FF2A0021BDB8 /* Bank.swift in Sources */,
				F2D2FBE12665FB9E0010731F /* TransferCheckViewReactor.swift in Sources */,
				F2D2FBE52667003E0010731F /* AddAccountFlow.swift in Sources */,
				F22B238925FF2F3B003AAD9D /* AppDelegate.swift in Sources */,
				F2893D56263D68C600801067 /* PassNumberPad.swift in Sources */,
				F2350B1A2636D263000C523B /* MyConsumeViewReactor.swift in Sources */,
				F2887FF52653523D0021BDB8 /* AccountHistoryCellReactor.swift in Sources */,
				F2893D52263D638E00801067 /* PasswordViewController.swift in Sources */,
				F2887FF8265378140021BDB8 /* AccountViewHeader.swift in Sources */,
				F2E4B9FB261AE97F00632221 /* ModelStream.swift in Sources */,
				F2887FE4264E53E60021BDB8 /* HomeSectionHeaderView.swift in Sources */,
				F2E4BA41261C2B3500632221 /* AppServices.swift in Sources */,
				F2887F9E2649017B0021BDB8 /* AccountService.swift in Sources */,
				F2E4B9BF261AE12100632221 /* Network.swift in Sources */,
				F2350AB426368BF8000C523B /* AuthAPI.swift in Sources */,
				F2E4B9D2261AE66400632221 /* User.swift in Sources */,
				F2D2FBB1265CBAB90010731F /* TransferAmountViewController.swift in Sources */,
				F2685052263C23930047A5B0 /* LoginViewController.swift in Sources */,
				F2350B302636D4DA000C523B /* RegisterViewReactor.swift in Sources */,
				F2887F9A2648FE8D0021BDB8 /* BankAccount.swift in Sources */,
				F2887FBA2649579E0021BDB8 /* UIImageView+Kingfisher.swift in Sources */,
				F25B0174260430AC00EBF7F0 /* SplashViewController.swift in Sources */,
				F2D2FBA8265C82770010731F /* BankListCell.swift in Sources */,
				F2887FDF264D26750021BDB8 /* ProfileHeaderView.swift in Sources */,
				F2887FC2264CE5740021BDB8 /* UITableView+Rx.swift in Sources */,
				F2887FB626494E320021BDB8 /* TotalAccountCellReactor.swift in Sources */,
				F2350B71263827F7000C523B /* HomeFlow.swift in Sources */,
				F2887FD5264CEC7E0021BDB8 /* AddAccountViewReactor.swift in Sources */,
				F2887FB2264923710021BDB8 /* HomeViewSection.swift in Sources */,
				F2350B7926382803000C523B /* MyConsumeFlow.swift in Sources */,
				F2893D51263D638E00801067 /* PasswordViewReactor.swift in Sources */,
				F2D2FBB3265CC5DE0010731F /* AnimationLabel.swift in Sources */,
				F2350B1B2636D263000C523B /* MyConsumeViewController.swift in Sources */,
				F2350B312636D4DA000C523B /* RegisterViewController.swift in Sources */,
				F2887FB8264954910021BDB8 /* AccountCellReactor.swift in Sources */,
				F2E4BA15261B2AEC00632221 /* UserService.swift in Sources */,
				F2350B502636E289000C523B /* AppFlow.swift in Sources */,
				F2D2FBF2266726350010731F /* SettingsViewSection.swift in Sources */,
				F2D2FB89265B552D0010731F /* TransferDestinationViewController.swift in Sources */,
				F2C6AD6B2643BE09008FCD69 /* HomeViewController.swift in Sources */,
				F2350B6B2637A1E7000C523B /* TabBarFlow.swift in Sources */,
				F2888002265B41B80021BDB8 /* ProfileAvatarItemCell.swift in Sources */,
				F2887FA926490E1B0021BDB8 /* AccountCell.swift in Sources */,
				F2E213502639420200B79C4E /* IntroViewReactor.swift in Sources */,
				F2350B142636D259000C523B /* SettingsViewController.swift in Sources */,
				F2887FD1264CEC1B0021BDB8 /* AccountViewController.swift in Sources */,
				F2888004265B42FD0021BDB8 /* ProfileAvatarItemCellReactor.swift in Sources */,
				F2887FFC265B2F3D0021BDB8 /* ProfileViewSection.swift in Sources */,
				F2D2FB97265B96500010731F /* KeyboardTopButton.swift in Sources */,
				F2350B5A263798F3000C523B /* IntroFlow.swift in Sources */,
				F2887FEA2651EC710021BDB8 /* TotalAccountViewHeader.swift in Sources */,
				F2C6AD6A2643BE09008FCD69 /* HomeViewReactor.swift in Sources */,
				F28419DE2625694200A703DD /* Token.swift in Sources */,
				F2D2FBAC265C88910010731F /* BankListViewSection.swift in Sources */,
				F2350B7E2638280D000C523B /* SettingsFlow.swift in Sources */,
				F2E4B9D7261AE76D00632221 /* ModelType.swift in Sources */,
				F2887FF226527FBE0021BDB8 /* AccountHistoryCell.swift in Sources */,
				F2D2FBA6265C81880010731F /* BaseCollectionViewCell.swift in Sources */,
				F2D2FBB0265CBAB90010731F /* TransferAmountViewReactor.swift in Sources */,
				F2D2FBE7266701F80010731F /* BankCheckListViewController.swift in Sources */,
				F2D2FBF62667306A0010731F /* VersionViewReactor.swift in Sources */,
				F2B129F32641233F00C96453 /* ValidationResult.swift in Sources */,
				F25B016926042F9F00EBF7F0 /* BaseViewController.swift in Sources */,
				F2D2FBEE266725360010731F /* SettingItemCell.swift in Sources */,
				F2887FFE265B36DB0021BDB8 /* ProfileItemCell.swift in Sources */,
				F2350AAC26368BEC000C523B /* BaseAPI.swift in Sources */,
				F2B129EF263EE9F300C96453 /* HapticFeedback.swift in Sources */,
				F2887FA0264906520021BDB8 /* TransactionDetail.swift in Sources */,
			);
			runOnlyForDeploymentPostprocessing = 0;
		};
		F22B23AD26021F33003AAD9D /* Sources */ = {
			isa = PBXSourcesBuildPhase;
			buildActionMask = 2147483647;
			files = (
				F22B23B426021F33003AAD9D /* PassTests.swift in Sources */,
			);
			runOnlyForDeploymentPostprocessing = 0;
		};
		F22B23BD26021F4C003AAD9D /* Sources */ = {
			isa = PBXSourcesBuildPhase;
			buildActionMask = 2147483647;
			files = (
				F22B23C426021F4C003AAD9D /* PassUITests.swift in Sources */,
			);
			runOnlyForDeploymentPostprocessing = 0;
		};
/* End PBXSourcesBuildPhase section */

/* Begin PBXTargetDependency section */
		F22B23B726021F33003AAD9D /* PBXTargetDependency */ = {
			isa = PBXTargetDependency;
			target = F22B238425FF2F3B003AAD9D /* Pass */;
			targetProxy = F22B23B626021F33003AAD9D /* PBXContainerItemProxy */;
		};
		F22B23C726021F4C003AAD9D /* PBXTargetDependency */ = {
			isa = PBXTargetDependency;
			target = F22B238425FF2F3B003AAD9D /* Pass */;
			targetProxy = F22B23C626021F4C003AAD9D /* PBXContainerItemProxy */;
		};
/* End PBXTargetDependency section */

/* Begin PBXVariantGroup section */
		F22B239325FF2F3D003AAD9D /* LaunchScreen.storyboard */ = {
			isa = PBXVariantGroup;
			children = (
				F22B239425FF2F3D003AAD9D /* Base */,
			);
			name = LaunchScreen.storyboard;
			sourceTree = "<group>";
		};
/* End PBXVariantGroup section */

/* Begin XCBuildConfiguration section */
		F22B239725FF2F3D003AAD9D /* Debug */ = {
			isa = XCBuildConfiguration;
			buildSettings = {
				ALWAYS_SEARCH_USER_PATHS = NO;
				CLANG_ANALYZER_NONNULL = YES;
				CLANG_ANALYZER_NUMBER_OBJECT_CONVERSION = YES_AGGRESSIVE;
				CLANG_CXX_LANGUAGE_STANDARD = "gnu++14";
				CLANG_CXX_LIBRARY = "libc++";
				CLANG_ENABLE_MODULES = YES;
				CLANG_ENABLE_OBJC_ARC = YES;
				CLANG_ENABLE_OBJC_WEAK = YES;
				CLANG_WARN_BLOCK_CAPTURE_AUTORELEASING = YES;
				CLANG_WARN_BOOL_CONVERSION = YES;
				CLANG_WARN_COMMA = YES;
				CLANG_WARN_CONSTANT_CONVERSION = YES;
				CLANG_WARN_DEPRECATED_OBJC_IMPLEMENTATIONS = YES;
				CLANG_WARN_DIRECT_OBJC_ISA_USAGE = YES_ERROR;
				CLANG_WARN_DOCUMENTATION_COMMENTS = YES;
				CLANG_WARN_EMPTY_BODY = YES;
				CLANG_WARN_ENUM_CONVERSION = YES;
				CLANG_WARN_INFINITE_RECURSION = YES;
				CLANG_WARN_INT_CONVERSION = YES;
				CLANG_WARN_NON_LITERAL_NULL_CONVERSION = YES;
				CLANG_WARN_OBJC_IMPLICIT_RETAIN_SELF = YES;
				CLANG_WARN_OBJC_LITERAL_CONVERSION = YES;
				CLANG_WARN_OBJC_ROOT_CLASS = YES_ERROR;
				CLANG_WARN_QUOTED_INCLUDE_IN_FRAMEWORK_HEADER = YES;
				CLANG_WARN_RANGE_LOOP_ANALYSIS = YES;
				CLANG_WARN_STRICT_PROTOTYPES = YES;
				CLANG_WARN_SUSPICIOUS_MOVE = YES;
				CLANG_WARN_UNGUARDED_AVAILABILITY = YES_AGGRESSIVE;
				CLANG_WARN_UNREACHABLE_CODE = YES;
				CLANG_WARN__DUPLICATE_METHOD_MATCH = YES;
				COPY_PHASE_STRIP = NO;
				DEBUG_INFORMATION_FORMAT = dwarf;
				ENABLE_STRICT_OBJC_MSGSEND = YES;
				ENABLE_TESTABILITY = YES;
				GCC_C_LANGUAGE_STANDARD = gnu11;
				GCC_DYNAMIC_NO_PIC = NO;
				GCC_NO_COMMON_BLOCKS = YES;
				GCC_OPTIMIZATION_LEVEL = 0;
				GCC_PREPROCESSOR_DEFINITIONS = (
					"DEBUG=1",
					"$(inherited)",
				);
				GCC_WARN_64_TO_32_BIT_CONVERSION = YES;
				GCC_WARN_ABOUT_RETURN_TYPE = YES_ERROR;
				GCC_WARN_UNDECLARED_SELECTOR = YES;
				GCC_WARN_UNINITIALIZED_AUTOS = YES_AGGRESSIVE;
				GCC_WARN_UNUSED_FUNCTION = YES;
				GCC_WARN_UNUSED_VARIABLE = YES;
				IPHONEOS_DEPLOYMENT_TARGET = 13.0;
				MTL_ENABLE_DEBUG_INFO = INCLUDE_SOURCE;
				MTL_FAST_MATH = YES;
				ONLY_ACTIVE_ARCH = YES;
				SDKROOT = iphoneos;
				SWIFT_ACTIVE_COMPILATION_CONDITIONS = DEBUG;
				SWIFT_OPTIMIZATION_LEVEL = "-Onone";
			};
			name = Debug;
		};
		F22B239825FF2F3D003AAD9D /* Release */ = {
			isa = XCBuildConfiguration;
			buildSettings = {
				ALWAYS_SEARCH_USER_PATHS = NO;
				CLANG_ANALYZER_NONNULL = YES;
				CLANG_ANALYZER_NUMBER_OBJECT_CONVERSION = YES_AGGRESSIVE;
				CLANG_CXX_LANGUAGE_STANDARD = "gnu++14";
				CLANG_CXX_LIBRARY = "libc++";
				CLANG_ENABLE_MODULES = YES;
				CLANG_ENABLE_OBJC_ARC = YES;
				CLANG_ENABLE_OBJC_WEAK = YES;
				CLANG_WARN_BLOCK_CAPTURE_AUTORELEASING = YES;
				CLANG_WARN_BOOL_CONVERSION = YES;
				CLANG_WARN_COMMA = YES;
				CLANG_WARN_CONSTANT_CONVERSION = YES;
				CLANG_WARN_DEPRECATED_OBJC_IMPLEMENTATIONS = YES;
				CLANG_WARN_DIRECT_OBJC_ISA_USAGE = YES_ERROR;
				CLANG_WARN_DOCUMENTATION_COMMENTS = YES;
				CLANG_WARN_EMPTY_BODY = YES;
				CLANG_WARN_ENUM_CONVERSION = YES;
				CLANG_WARN_INFINITE_RECURSION = YES;
				CLANG_WARN_INT_CONVERSION = YES;
				CLANG_WARN_NON_LITERAL_NULL_CONVERSION = YES;
				CLANG_WARN_OBJC_IMPLICIT_RETAIN_SELF = YES;
				CLANG_WARN_OBJC_LITERAL_CONVERSION = YES;
				CLANG_WARN_OBJC_ROOT_CLASS = YES_ERROR;
				CLANG_WARN_QUOTED_INCLUDE_IN_FRAMEWORK_HEADER = YES;
				CLANG_WARN_RANGE_LOOP_ANALYSIS = YES;
				CLANG_WARN_STRICT_PROTOTYPES = YES;
				CLANG_WARN_SUSPICIOUS_MOVE = YES;
				CLANG_WARN_UNGUARDED_AVAILABILITY = YES_AGGRESSIVE;
				CLANG_WARN_UNREACHABLE_CODE = YES;
				CLANG_WARN__DUPLICATE_METHOD_MATCH = YES;
				COPY_PHASE_STRIP = NO;
				DEBUG_INFORMATION_FORMAT = "dwarf-with-dsym";
				ENABLE_NS_ASSERTIONS = NO;
				ENABLE_STRICT_OBJC_MSGSEND = YES;
				GCC_C_LANGUAGE_STANDARD = gnu11;
				GCC_NO_COMMON_BLOCKS = YES;
				GCC_WARN_64_TO_32_BIT_CONVERSION = YES;
				GCC_WARN_ABOUT_RETURN_TYPE = YES_ERROR;
				GCC_WARN_UNDECLARED_SELECTOR = YES;
				GCC_WARN_UNINITIALIZED_AUTOS = YES_AGGRESSIVE;
				GCC_WARN_UNUSED_FUNCTION = YES;
				GCC_WARN_UNUSED_VARIABLE = YES;
				IPHONEOS_DEPLOYMENT_TARGET = 13.0;
				MTL_ENABLE_DEBUG_INFO = NO;
				MTL_FAST_MATH = YES;
				SDKROOT = iphoneos;
				SWIFT_COMPILATION_MODE = wholemodule;
				SWIFT_OPTIMIZATION_LEVEL = "-O";
				VALIDATE_PRODUCT = YES;
			};
			name = Release;
		};
		F22B239A25FF2F3D003AAD9D /* Debug */ = {
			isa = XCBuildConfiguration;
			baseConfigurationReference = C41DACDB08774A68478AC17E /* Pods-Pass.debug.xcconfig */;
			buildSettings = {
				ASSETCATALOG_COMPILER_APPICON_NAME = AppIcon;
				ASSETCATALOG_COMPILER_GLOBAL_ACCENT_COLOR_NAME = AccentColor;
				CODE_SIGN_STYLE = Automatic;
				DEVELOPMENT_TEAM = 75FNRKTJ9S;
				INFOPLIST_FILE = Pass/SupportingFile/Info.plist;
				LD_RUNPATH_SEARCH_PATHS = (
					"$(inherited)",
					"@executable_path/Frameworks",
				);
				PRODUCT_BUNDLE_IDENTIFIER = com.medium.devminseok.Pass;
				PRODUCT_NAME = "$(TARGET_NAME)";
				SWIFT_VERSION = 5.0;
				TARGETED_DEVICE_FAMILY = "1,2";
			};
			name = Debug;
		};
		F22B239B25FF2F3D003AAD9D /* Release */ = {
			isa = XCBuildConfiguration;
			baseConfigurationReference = B5F9964E65DBB3584ED41F19 /* Pods-Pass.release.xcconfig */;
			buildSettings = {
				ASSETCATALOG_COMPILER_APPICON_NAME = AppIcon;
				ASSETCATALOG_COMPILER_GLOBAL_ACCENT_COLOR_NAME = AccentColor;
				CODE_SIGN_STYLE = Automatic;
				DEVELOPMENT_TEAM = 75FNRKTJ9S;
				INFOPLIST_FILE = Pass/SupportingFile/Info.plist;
				LD_RUNPATH_SEARCH_PATHS = (
					"$(inherited)",
					"@executable_path/Frameworks",
				);
				PRODUCT_BUNDLE_IDENTIFIER = com.medium.devminseok.Pass;
				PRODUCT_NAME = "$(TARGET_NAME)";
				SWIFT_VERSION = 5.0;
				TARGETED_DEVICE_FAMILY = "1,2";
			};
			name = Release;
		};
		F22B23B826021F33003AAD9D /* Debug */ = {
			isa = XCBuildConfiguration;
			baseConfigurationReference = 05C38D4BEA2A1E36C83468A8 /* Pods-Pass-PassTests.debug.xcconfig */;
			buildSettings = {
				BUNDLE_LOADER = "$(TEST_HOST)";
				CODE_SIGN_STYLE = Automatic;
				DEVELOPMENT_TEAM = 75FNRKTJ9S;
				INFOPLIST_FILE = PassTests/Info.plist;
				LD_RUNPATH_SEARCH_PATHS = (
					"$(inherited)",
					"@executable_path/Frameworks",
					"@loader_path/Frameworks",
				);
				PRODUCT_BUNDLE_IDENTIFIER = com.medium.devminseok.PassTests;
				PRODUCT_NAME = "$(TARGET_NAME)";
				SWIFT_VERSION = 5.0;
				TARGETED_DEVICE_FAMILY = "1,2";
				TEST_HOST = "$(BUILT_PRODUCTS_DIR)/Pass.app/Pass";
			};
			name = Debug;
		};
		F22B23B926021F33003AAD9D /* Release */ = {
			isa = XCBuildConfiguration;
			baseConfigurationReference = AED073430E75238D505012B6 /* Pods-Pass-PassTests.release.xcconfig */;
			buildSettings = {
				BUNDLE_LOADER = "$(TEST_HOST)";
				CODE_SIGN_STYLE = Automatic;
				DEVELOPMENT_TEAM = 75FNRKTJ9S;
				INFOPLIST_FILE = PassTests/Info.plist;
				LD_RUNPATH_SEARCH_PATHS = (
					"$(inherited)",
					"@executable_path/Frameworks",
					"@loader_path/Frameworks",
				);
				PRODUCT_BUNDLE_IDENTIFIER = com.medium.devminseok.PassTests;
				PRODUCT_NAME = "$(TARGET_NAME)";
				SWIFT_VERSION = 5.0;
				TARGETED_DEVICE_FAMILY = "1,2";
				TEST_HOST = "$(BUILT_PRODUCTS_DIR)/Pass.app/Pass";
			};
			name = Release;
		};
		F22B23C926021F4C003AAD9D /* Debug */ = {
			isa = XCBuildConfiguration;
			buildSettings = {
				CODE_SIGN_STYLE = Automatic;
				DEVELOPMENT_TEAM = 75FNRKTJ9S;
				INFOPLIST_FILE = PassUITests/Info.plist;
				LD_RUNPATH_SEARCH_PATHS = (
					"$(inherited)",
					"@executable_path/Frameworks",
					"@loader_path/Frameworks",
				);
				PRODUCT_BUNDLE_IDENTIFIER = com.medium.devminseok.PassUITests;
				PRODUCT_NAME = "$(TARGET_NAME)";
				SWIFT_VERSION = 5.0;
				TARGETED_DEVICE_FAMILY = "1,2";
				TEST_TARGET_NAME = Pass;
			};
			name = Debug;
		};
		F22B23CA26021F4C003AAD9D /* Release */ = {
			isa = XCBuildConfiguration;
			buildSettings = {
				CODE_SIGN_STYLE = Automatic;
				DEVELOPMENT_TEAM = 75FNRKTJ9S;
				INFOPLIST_FILE = PassUITests/Info.plist;
				LD_RUNPATH_SEARCH_PATHS = (
					"$(inherited)",
					"@executable_path/Frameworks",
					"@loader_path/Frameworks",
				);
				PRODUCT_BUNDLE_IDENTIFIER = com.medium.devminseok.PassUITests;
				PRODUCT_NAME = "$(TARGET_NAME)";
				SWIFT_VERSION = 5.0;
				TARGETED_DEVICE_FAMILY = "1,2";
				TEST_TARGET_NAME = Pass;
			};
			name = Release;
		};
/* End XCBuildConfiguration section */

/* Begin XCConfigurationList section */
		F22B238025FF2F3B003AAD9D /* Build configuration list for PBXProject "Pass" */ = {
			isa = XCConfigurationList;
			buildConfigurations = (
				F22B239725FF2F3D003AAD9D /* Debug */,
				F22B239825FF2F3D003AAD9D /* Release */,
			);
			defaultConfigurationIsVisible = 0;
			defaultConfigurationName = Release;
		};
		F22B239925FF2F3D003AAD9D /* Build configuration list for PBXNativeTarget "Pass" */ = {
			isa = XCConfigurationList;
			buildConfigurations = (
				F22B239A25FF2F3D003AAD9D /* Debug */,
				F22B239B25FF2F3D003AAD9D /* Release */,
			);
			defaultConfigurationIsVisible = 0;
			defaultConfigurationName = Release;
		};
		F22B23BA26021F33003AAD9D /* Build configuration list for PBXNativeTarget "PassTests" */ = {
			isa = XCConfigurationList;
			buildConfigurations = (
				F22B23B826021F33003AAD9D /* Debug */,
				F22B23B926021F33003AAD9D /* Release */,
			);
			defaultConfigurationIsVisible = 0;
			defaultConfigurationName = Release;
		};
		F22B23C826021F4C003AAD9D /* Build configuration list for PBXNativeTarget "PassUITests" */ = {
			isa = XCConfigurationList;
			buildConfigurations = (
				F22B23C926021F4C003AAD9D /* Debug */,
				F22B23CA26021F4C003AAD9D /* Release */,
			);
			defaultConfigurationIsVisible = 0;
			defaultConfigurationName = Release;
		};
/* End XCConfigurationList section */
	};
	rootObject = F22B237D25FF2F3B003AAD9D /* Project object */;
}
